{
  "version": 4,
  "terraform_version": "1.3.3",
  "serial": 45,
  "lineage": "8dd76878-f99c-e198-976c-3d1617695791",
  "outputs": {
    "Ec2_public_ip": {
      "value": "15.207.60.2",
      "type": "string"
    },
    "azs": {
      "value": [
        "ap-south-1a",
        "ap-south-1b",
        "ap-south-1c"
      ],
      "type": [
        "list",
        "string"
      ]
    },
    "cluster_arn": {
      "value": "arn:aws:eks:ap-south-1:655180071464:cluster/myzone_stag_eks_cluster",
      "type": "string"
    },
    "cluster_certificate_authority_data": {
      "value": "LS0tLS1CRUdJTiBDRVJUSUZJQ0FURS0tLS0tCk1JSUMvakNDQWVhZ0F3SUJBZ0lCQURBTkJna3Foa2lHOXcwQkFRc0ZBREFWTVJNd0VRWURWUVFERXdwcmRXSmwKY201bGRHVnpNQjRYRFRJeU1URXhOREV3TURJeU9Gb1hEVE15TVRFeE1URXdNREl5T0Zvd0ZURVRNQkVHQTFVRQpBeE1LYTNWaVpYSnVaWFJsY3pDQ0FTSXdEUVlKS29aSWh2Y05BUUVCQlFBRGdnRVBBRENDQVFvQ2dnRUJBTWt2ClVKc2g5SzhncCtUTHNqZUNWU1czUU5QN2pVTitZOWNLbUFOVUhjYWczdXg4MjZ5SW0zWFgwMUd3ZVQ0S3d2QVIKeDJDVWxhMzNybm1sbnpYU1ovRWcrMnBFcnlFUmh3cUZYZmlHUDQ2M0d5VnYzQmVsTjNGU2lCUSswK1UrWXRrKwpkZ3A5SmRMNDVZVHNTYUhRQlBOTUF6NGtUYmJUUWN1UVNkQ0V5NCtWeVp5cThyL29pU00zWEhjRUxUeTgzWnRUCkRRSkt1cWk2ZXBZRSsvUzJkUytYbmdydE1uNmEvdTFIMmNSZlhFcjZkTzNNdExGTDBMTlVrNlZKNHZXc25ZMFkKaFRpR3pEZkhGZm8rSlYwaG1kYWlaZ0lhZDBtT0ZPaFI3eGduZFg3UEdvczE5N3NmRkp3MzRXTTUzZlJNU3dXWQp3aXZlYk9ia05hV3hqemJxY2FrQ0F3RUFBYU5aTUZjd0RnWURWUjBQQVFIL0JBUURBZ0trTUE4R0ExVWRFd0VCCi93UUZNQU1CQWY4d0hRWURWUjBPQkJZRUZDM0IzVWU0K2t1em1XYVhPWS9jNlBGQXB4eFBNQlVHQTFVZEVRUU8KTUF5Q0NtdDFZbVZ5Ym1WMFpYTXdEUVlKS29aSWh2Y05BUUVMQlFBRGdnRUJBSzJHRzlnQ0xoZkJRS3FUZjlKTAoxWCt4WmNOMnVZNlFibjN5Nkt2YmRjS3dXR3ZVR2V4M0FpMllKZXZkcEtmRkVFb1BFajhvcjk1cnI1RUsrMHZpCmoybFBwOXdDRUZVUmlYaFpHOXpuT25wMzRlNnNISVEzaTduNExhSDFaSzZRN1BuOFR5cmtzODdSdUliR3hONTEKelE2d1RpYVBOUXNHQ1lYbU5oVVpvWHo1by9CcTVqVWNGR2xQNkg1M0QxNXVzL3BCbW40YnNUQWQrSS96SG84NgpGeXhKNzlCRWl1dWNVUW1MT1ZDM01OYnVNeEhYY01kaTNsSnlKeXkyYzB5YTRRZnpRblNINTFlUVZFYXlpL2d3ClV1TTgwM1ZlcGI2U3hUOXZiUW14U3BsZE5sWXlHMGlPTDA0VXBpaFpOWkJvTnh4U3p3Rkp1U2pSMzhibUtuL2sKaldJPQotLS0tLUVORCBDRVJUSUZJQ0FURS0tLS0tCg==",
      "type": "string"
    },
    "cluster_endpoint": {
      "value": "https://95C7F0377142D4543BF21C6080B69F2C.yl4.ap-south-1.eks.amazonaws.com",
      "type": "string"
    },
    "cluster_iam_role_arn": {
      "value": "arn:aws:iam::655180071464:role/myzone-stag-k8s",
      "type": "string"
    },
    "cluster_iam_role_name": {
      "value": "myzone-stag-k8s",
      "type": "string"
    },
    "cluster_id": {
      "value": "myzone_stag_eks_cluster",
      "type": "string"
    },
    "cluster_oidc_issuer_url": {
      "value": "https://oidc.eks.ap-south-1.amazonaws.com/id/95C7F0377142D4543BF21C6080B69F2C",
      "type": "string"
    },
    "cluster_primary_security_group": {
      "value": "sg-0a7ceb4d5547340fe",
      "type": "string"
    },
    "cluster_version": {
      "value": "1.22",
      "type": "string"
    },
    "db-subnets": {
      "value": [
        "20.0.101.0/24",
        "20.0.102.0/24",
        "20.0.103.0/24"
      ],
      "type": [
        "list",
        "string"
      ]
    },
    "name": {
      "value": "ami-0331dade58b1ccc63",
      "type": "string"
    },
    "node_group_private_arn": {
      "value": "arn:aws:eks:ap-south-1:655180071464:nodegroup/myzone_stag_eks_cluster/myzone_stag_eks_cluster-ng-private/cac23acc-f7f6-039d-ba0f-ff4f22c62313",
      "type": "string"
    },
    "node_group_private_id": {
      "value": "myzone_stag_eks_cluster:myzone_stag_eks_cluster-ng-private",
      "type": "string"
    },
    "node_group_private_status": {
      "value": "ACTIVE",
      "type": "string"
    },
    "node_group_private_version": {
      "value": "1.22",
      "type": "string"
    },
    "node_group_public_arn": {
      "value": "arn:aws:eks:ap-south-1:655180071464:nodegroup/myzone_stag_eks_cluster/myzone_stag_eks_cluster-ng-public/68c23acc-f803-f3bc-446b-7362a7a4fc01",
      "type": "string"
    },
    "node_group_public_id": {
      "value": "myzone_stag_eks_cluster:myzone_stag_eks_cluster-ng-public",
      "type": "string"
    },
    "node_group_public_status": {
      "value": "ACTIVE",
      "type": "string"
    },
    "node_group_public_version": {
      "value": "1.22",
      "type": "string"
    },
    "private_cidr": {
      "value": [
        "20.0.11.0/24",
        "20.0.12.0/24",
        "20.0.13.0/24"
      ],
      "type": [
        "list",
        "string"
      ]
    },
    "private_subntes_ids": {
      "value": [
        "subnet-0b91c979ac08b3caa",
        "subnet-014ec293e9c48fd0e",
        "subnet-076e480ee269170a5"
      ],
      "type": [
        "tuple",
        [
          "string",
          "string",
          "string"
        ]
      ]
    },
    "public_cidr": {
      "value": [
        "20.0.1.0/24",
        "20.0.2.0/24",
        "20.0.3.0/24"
      ],
      "type": [
        "list",
        "string"
      ]
    },
    "public_subnets_ids": {
      "value": [
        "subnet-0bebf7b0b26f93eee",
        "subnet-0bc429e07b965ebb5",
        "subnet-0aec1cbdeccbf88e5"
      ],
      "type": [
        "tuple",
        [
          "string",
          "string",
          "string"
        ]
      ]
    },
    "vpc": {
      "value": "vpc-039346d60ed5a6261",
      "type": "string"
    },
    "vpc_cidr": {
      "value": "20.0.0.0/16",
      "type": "string"
    }
  },
  "resources": [
    {
      "mode": "data",
      "type": "aws_ami",
      "name": "ami",
      "provider": "provider[\"registry.terraform.io/hashicorp/aws\"]",
      "instances": [
        {
          "schema_version": 0,
          "attributes": {
            "architecture": "x86_64",
            "arn": "arn:aws:ec2:ap-south-1::image/ami-0331dade58b1ccc63",
            "block_device_mappings": [
              {
                "device_name": "/dev/xvda",
                "ebs": {
                  "delete_on_termination": "true",
                  "encrypted": "false",
                  "iops": "0",
                  "snapshot_id": "snap-03b153c71df0d84a7",
                  "throughput": "0",
                  "volume_size": "8",
                  "volume_type": "gp2"
                },
                "no_device": "",
                "virtual_name": ""
              }
            ],
            "boot_mode": "",
            "creation_date": "2022-11-01T18:37:10.000Z",
            "deprecation_time": "2024-11-01T18:37:10.000Z",
            "description": "Amazon Linux AMI 2018.03.0.20221018.0 x86_64 HVM gp2",
            "ena_support": true,
            "executable_users": null,
            "filter": [
              {
                "name": "architecture",
                "values": [
                  "x86_64"
                ]
              },
              {
                "name": "name",
                "values": [
                  "amzn-ami-hvm-*-gp2"
                ]
              },
              {
                "name": "root-device-type",
                "values": [
                  "ebs"
                ]
              },
              {
                "name": "virtualization-type",
                "values": [
                  "hvm"
                ]
              }
            ],
            "hypervisor": "xen",
            "id": "ami-0331dade58b1ccc63",
            "image_id": "ami-0331dade58b1ccc63",
            "image_location": "amazon/amzn-ami-hvm-2018.03.0.20221018.0-x86_64-gp2",
            "image_owner_alias": "amazon",
            "image_type": "machine",
            "imds_support": "",
            "include_deprecated": false,
            "kernel_id": "",
            "most_recent": true,
            "name": "amzn-ami-hvm-2018.03.0.20221018.0-x86_64-gp2",
            "name_regex": null,
            "owner_id": "137112412989",
            "owners": [
              "amazon"
            ],
            "platform": "",
            "platform_details": "Linux/UNIX",
            "product_codes": [],
            "public": true,
            "ramdisk_id": "",
            "root_device_name": "/dev/xvda",
            "root_device_type": "ebs",
            "root_snapshot_id": "snap-03b153c71df0d84a7",
            "sriov_net_support": "simple",
            "state": "available",
            "state_reason": {
              "code": "UNSET",
              "message": "UNSET"
            },
            "tags": {},
            "timeouts": null,
            "tpm_support": "",
            "usage_operation": "RunInstances",
            "virtualization_type": "hvm"
          },
          "sensitive_attributes": []
        }
      ]
    },
    {
      "mode": "data",
      "type": "aws_availability_zones",
      "name": "azs",
      "provider": "provider[\"registry.terraform.io/hashicorp/aws\"]",
      "instances": [
        {
          "schema_version": 0,
          "attributes": {
            "all_availability_zones": null,
            "exclude_names": null,
            "exclude_zone_ids": null,
            "filter": null,
            "group_names": [
              "ap-south-1"
            ],
            "id": "ap-south-1",
            "names": [
              "ap-south-1a",
              "ap-south-1b",
              "ap-south-1c"
            ],
            "state": null,
            "timeouts": null,
            "zone_ids": [
              "aps1-az1",
              "aps1-az3",
              "aps1-az2"
            ]
          },
          "sensitive_attributes": []
        }
      ]
    },
    {
      "mode": "managed",
      "type": "aws_eip",
      "name": "ec2_ip",
      "provider": "provider[\"registry.terraform.io/hashicorp/aws\"]",
      "instances": [
        {
          "schema_version": 0,
          "attributes": {
            "address": null,
            "allocation_id": "eipalloc-084a1f44a13216e63",
            "associate_with_private_ip": null,
            "association_id": "eipassoc-0d951a652d8af0f08",
            "carrier_ip": "",
            "customer_owned_ip": "",
            "customer_owned_ipv4_pool": "",
            "domain": "vpc",
            "id": "eipalloc-084a1f44a13216e63",
            "instance": "i-06830f2a7f5b9e6f1",
            "network_border_group": "ap-south-1",
            "network_interface": "eni-06b61985ccf560fba",
            "private_dns": "ip-20-0-1-178.ap-south-1.compute.internal",
            "private_ip": "20.0.1.178",
            "public_dns": "ec2-15-207-60-2.ap-south-1.compute.amazonaws.com",
            "public_ip": "15.207.60.2",
            "public_ipv4_pool": "amazon",
            "tags": {
              "CreatedBy": "Dhanwan",
              "CreationDate": "2022-11-14T09:55:15Z",
              "Type": "stag"
            },
            "tags_all": {
              "CreatedBy": "Dhanwan",
              "CreationDate": "2022-11-14T09:55:15Z",
              "Type": "stag"
            },
            "timeouts": null,
            "vpc": true
          },
          "sensitive_attributes": [],
          "private": "eyJlMmJmYjczMC1lY2FhLTExZTYtOGY4OC0zNDM2M2JjN2M0YzAiOnsiZGVsZXRlIjoxODAwMDAwMDAwMDAsInJlYWQiOjkwMDAwMDAwMDAwMCwidXBkYXRlIjozMDAwMDAwMDAwMDB9fQ==",
          "dependencies": [
            "data.aws_ami.ami",
            "data.aws_availability_zones.azs",
            "module.ec2-instance.aws_iam_instance_profile.this",
            "module.ec2-instance.aws_iam_role.this",
            "module.ec2-instance.aws_iam_role_policy_attachment.this",
            "module.ec2-instance.aws_instance.this",
            "module.ec2-instance.aws_spot_instance_request.this",
            "module.ec2-instance.data.aws_iam_policy_document.assume_role_policy",
            "module.ec2-instance.data.aws_partition.current",
            "module.ec2-instance.data.aws_ssm_parameter.this",
            "module.security-group.aws_security_group.this",
            "module.security-group.aws_security_group.this_name_prefix",
            "module.vpc_dev.aws_cloudwatch_log_group.flow_log",
            "module.vpc_dev.aws_customer_gateway.this",
            "module.vpc_dev.aws_db_subnet_group.database",
            "module.vpc_dev.aws_default_network_acl.this",
            "module.vpc_dev.aws_default_route_table.default",
            "module.vpc_dev.aws_default_security_group.this",
            "module.vpc_dev.aws_default_vpc.this",
            "module.vpc_dev.aws_egress_only_internet_gateway.this",
            "module.vpc_dev.aws_eip.nat",
            "module.vpc_dev.aws_elasticache_subnet_group.elasticache",
            "module.vpc_dev.aws_flow_log.this",
            "module.vpc_dev.aws_iam_policy.vpc_flow_log_cloudwatch",
            "module.vpc_dev.aws_iam_role.vpc_flow_log_cloudwatch",
            "module.vpc_dev.aws_iam_role_policy_attachment.vpc_flow_log_cloudwatch",
            "module.vpc_dev.aws_internet_gateway.this",
            "module.vpc_dev.aws_nat_gateway.this",
            "module.vpc_dev.aws_network_acl.database",
            "module.vpc_dev.aws_network_acl.elasticache",
            "module.vpc_dev.aws_network_acl.intra",
            "module.vpc_dev.aws_network_acl.outpost",
            "module.vpc_dev.aws_network_acl.private",
            "module.vpc_dev.aws_network_acl.public",
            "module.vpc_dev.aws_network_acl.redshift",
            "module.vpc_dev.aws_network_acl_rule.database_inbound",
            "module.vpc_dev.aws_network_acl_rule.database_outbound",
            "module.vpc_dev.aws_network_acl_rule.elasticache_inbound",
            "module.vpc_dev.aws_network_acl_rule.elasticache_outbound",
            "module.vpc_dev.aws_network_acl_rule.intra_inbound",
            "module.vpc_dev.aws_network_acl_rule.intra_outbound",
            "module.vpc_dev.aws_network_acl_rule.outpost_inbound",
            "module.vpc_dev.aws_network_acl_rule.outpost_outbound",
            "module.vpc_dev.aws_network_acl_rule.private_inbound",
            "module.vpc_dev.aws_network_acl_rule.private_outbound",
            "module.vpc_dev.aws_network_acl_rule.public_inbound",
            "module.vpc_dev.aws_network_acl_rule.public_outbound",
            "module.vpc_dev.aws_network_acl_rule.redshift_inbound",
            "module.vpc_dev.aws_network_acl_rule.redshift_outbound",
            "module.vpc_dev.aws_redshift_subnet_group.redshift",
            "module.vpc_dev.aws_route.database_internet_gateway",
            "module.vpc_dev.aws_route.database_ipv6_egress",
            "module.vpc_dev.aws_route.database_nat_gateway",
            "module.vpc_dev.aws_route.private_ipv6_egress",
            "module.vpc_dev.aws_route.private_nat_gateway",
            "module.vpc_dev.aws_route.public_internet_gateway",
            "module.vpc_dev.aws_route.public_internet_gateway_ipv6",
            "module.vpc_dev.aws_route_table.database",
            "module.vpc_dev.aws_route_table.elasticache",
            "module.vpc_dev.aws_route_table.intra",
            "module.vpc_dev.aws_route_table.private",
            "module.vpc_dev.aws_route_table.public",
            "module.vpc_dev.aws_route_table.redshift",
            "module.vpc_dev.aws_route_table_association.database",
            "module.vpc_dev.aws_route_table_association.elasticache",
            "module.vpc_dev.aws_route_table_association.intra",
            "module.vpc_dev.aws_route_table_association.outpost",
            "module.vpc_dev.aws_route_table_association.private",
            "module.vpc_dev.aws_route_table_association.public",
            "module.vpc_dev.aws_route_table_association.redshift",
            "module.vpc_dev.aws_route_table_association.redshift_public",
            "module.vpc_dev.aws_subnet.database",
            "module.vpc_dev.aws_subnet.elasticache",
            "module.vpc_dev.aws_subnet.intra",
            "module.vpc_dev.aws_subnet.outpost",
            "module.vpc_dev.aws_subnet.private",
            "module.vpc_dev.aws_subnet.public",
            "module.vpc_dev.aws_subnet.redshift",
            "module.vpc_dev.aws_vpc.this",
            "module.vpc_dev.aws_vpc_dhcp_options.this",
            "module.vpc_dev.aws_vpc_dhcp_options_association.this",
            "module.vpc_dev.aws_vpc_ipv4_cidr_block_association.this",
            "module.vpc_dev.aws_vpn_gateway.this",
            "module.vpc_dev.aws_vpn_gateway_attachment.this",
            "module.vpc_dev.aws_vpn_gateway_route_propagation.intra",
            "module.vpc_dev.aws_vpn_gateway_route_propagation.private",
            "module.vpc_dev.aws_vpn_gateway_route_propagation.public",
            "module.vpc_dev.data.aws_iam_policy_document.flow_log_cloudwatch_assume_role",
            "module.vpc_dev.data.aws_iam_policy_document.vpc_flow_log_cloudwatch"
          ]
        }
      ]
    },
    {
      "mode": "managed",
      "type": "aws_eks_cluster",
      "name": "k8s",
      "provider": "provider[\"registry.terraform.io/hashicorp/aws\"]",
      "instances": [
        {
          "schema_version": 0,
          "attributes": {
            "arn": "arn:aws:eks:ap-south-1:655180071464:cluster/myzone_stag_eks_cluster",
            "certificate_authority": [
              {
                "data": "LS0tLS1CRUdJTiBDRVJUSUZJQ0FURS0tLS0tCk1JSUMvakNDQWVhZ0F3SUJBZ0lCQURBTkJna3Foa2lHOXcwQkFRc0ZBREFWTVJNd0VRWURWUVFERXdwcmRXSmwKY201bGRHVnpNQjRYRFRJeU1URXhOREV3TURJeU9Gb1hEVE15TVRFeE1URXdNREl5T0Zvd0ZURVRNQkVHQTFVRQpBeE1LYTNWaVpYSnVaWFJsY3pDQ0FTSXdEUVlKS29aSWh2Y05BUUVCQlFBRGdnRVBBRENDQVFvQ2dnRUJBTWt2ClVKc2g5SzhncCtUTHNqZUNWU1czUU5QN2pVTitZOWNLbUFOVUhjYWczdXg4MjZ5SW0zWFgwMUd3ZVQ0S3d2QVIKeDJDVWxhMzNybm1sbnpYU1ovRWcrMnBFcnlFUmh3cUZYZmlHUDQ2M0d5VnYzQmVsTjNGU2lCUSswK1UrWXRrKwpkZ3A5SmRMNDVZVHNTYUhRQlBOTUF6NGtUYmJUUWN1UVNkQ0V5NCtWeVp5cThyL29pU00zWEhjRUxUeTgzWnRUCkRRSkt1cWk2ZXBZRSsvUzJkUytYbmdydE1uNmEvdTFIMmNSZlhFcjZkTzNNdExGTDBMTlVrNlZKNHZXc25ZMFkKaFRpR3pEZkhGZm8rSlYwaG1kYWlaZ0lhZDBtT0ZPaFI3eGduZFg3UEdvczE5N3NmRkp3MzRXTTUzZlJNU3dXWQp3aXZlYk9ia05hV3hqemJxY2FrQ0F3RUFBYU5aTUZjd0RnWURWUjBQQVFIL0JBUURBZ0trTUE4R0ExVWRFd0VCCi93UUZNQU1CQWY4d0hRWURWUjBPQkJZRUZDM0IzVWU0K2t1em1XYVhPWS9jNlBGQXB4eFBNQlVHQTFVZEVRUU8KTUF5Q0NtdDFZbVZ5Ym1WMFpYTXdEUVlKS29aSWh2Y05BUUVMQlFBRGdnRUJBSzJHRzlnQ0xoZkJRS3FUZjlKTAoxWCt4WmNOMnVZNlFibjN5Nkt2YmRjS3dXR3ZVR2V4M0FpMllKZXZkcEtmRkVFb1BFajhvcjk1cnI1RUsrMHZpCmoybFBwOXdDRUZVUmlYaFpHOXpuT25wMzRlNnNISVEzaTduNExhSDFaSzZRN1BuOFR5cmtzODdSdUliR3hONTEKelE2d1RpYVBOUXNHQ1lYbU5oVVpvWHo1by9CcTVqVWNGR2xQNkg1M0QxNXVzL3BCbW40YnNUQWQrSS96SG84NgpGeXhKNzlCRWl1dWNVUW1MT1ZDM01OYnVNeEhYY01kaTNsSnlKeXkyYzB5YTRRZnpRblNINTFlUVZFYXlpL2d3ClV1TTgwM1ZlcGI2U3hUOXZiUW14U3BsZE5sWXlHMGlPTDA0VXBpaFpOWkJvTnh4U3p3Rkp1U2pSMzhibUtuL2sKaldJPQotLS0tLUVORCBDRVJUSUZJQ0FURS0tLS0tCg=="
              }
            ],
            "created_at": "2022-11-14 09:57:14.817 +0000 UTC",
            "enabled_cluster_log_types": [
              "api",
              "audit",
              "authenticator",
              "controllerManager",
              "scheduler"
            ],
            "encryption_config": [],
            "endpoint": "https://95C7F0377142D4543BF21C6080B69F2C.yl4.ap-south-1.eks.amazonaws.com",
            "id": "myzone_stag_eks_cluster",
            "identity": [
              {
                "oidc": [
                  {
                    "issuer": "https://oidc.eks.ap-south-1.amazonaws.com/id/95C7F0377142D4543BF21C6080B69F2C"
                  }
                ]
              }
            ],
            "kubernetes_network_config": [
              {
                "ip_family": "ipv4",
                "service_ipv4_cidr": "172.20.0.0/16",
                "service_ipv6_cidr": ""
              }
            ],
            "name": "myzone_stag_eks_cluster",
            "outpost_config": [],
            "platform_version": "eks.7",
            "role_arn": "arn:aws:iam::655180071464:role/myzone-stag-k8s",
            "status": "ACTIVE",
            "tags": null,
            "tags_all": {},
            "timeouts": null,
            "version": "1.22",
            "vpc_config": [
              {
                "cluster_security_group_id": "sg-0a7ceb4d5547340fe",
                "endpoint_private_access": false,
                "endpoint_public_access": true,
                "public_access_cidrs": [
                  "0.0.0.0/0"
                ],
                "security_group_ids": null,
                "subnet_ids": [
                  "subnet-0aec1cbdeccbf88e5",
                  "subnet-0bc429e07b965ebb5",
                  "subnet-0bebf7b0b26f93eee"
                ],
                "vpc_id": "vpc-039346d60ed5a6261"
              }
            ]
          },
          "sensitive_attributes": [],
          "private": "eyJlMmJmYjczMC1lY2FhLTExZTYtOGY4OC0zNDM2M2JjN2M0YzAiOnsiY3JlYXRlIjoxODAwMDAwMDAwMDAwLCJkZWxldGUiOjkwMDAwMDAwMDAwMCwidXBkYXRlIjozNjAwMDAwMDAwMDAwfX0=",
          "dependencies": [
            "aws_iam_role.k8s_role",
            "aws_iam_role_policy_attachment.k8s-AmazonEKSClusterPolicy",
            "aws_iam_role_policy_attachment.k8s-AmazonEKSVPCResourceController",
            "data.aws_availability_zones.azs",
            "module.vpc_dev.aws_cloudwatch_log_group.flow_log",
            "module.vpc_dev.aws_customer_gateway.this",
            "module.vpc_dev.aws_db_subnet_group.database",
            "module.vpc_dev.aws_default_network_acl.this",
            "module.vpc_dev.aws_default_route_table.default",
            "module.vpc_dev.aws_default_security_group.this",
            "module.vpc_dev.aws_default_vpc.this",
            "module.vpc_dev.aws_egress_only_internet_gateway.this",
            "module.vpc_dev.aws_eip.nat",
            "module.vpc_dev.aws_elasticache_subnet_group.elasticache",
            "module.vpc_dev.aws_flow_log.this",
            "module.vpc_dev.aws_iam_policy.vpc_flow_log_cloudwatch",
            "module.vpc_dev.aws_iam_role.vpc_flow_log_cloudwatch",
            "module.vpc_dev.aws_iam_role_policy_attachment.vpc_flow_log_cloudwatch",
            "module.vpc_dev.aws_internet_gateway.this",
            "module.vpc_dev.aws_nat_gateway.this",
            "module.vpc_dev.aws_network_acl.database",
            "module.vpc_dev.aws_network_acl.elasticache",
            "module.vpc_dev.aws_network_acl.intra",
            "module.vpc_dev.aws_network_acl.outpost",
            "module.vpc_dev.aws_network_acl.private",
            "module.vpc_dev.aws_network_acl.public",
            "module.vpc_dev.aws_network_acl.redshift",
            "module.vpc_dev.aws_network_acl_rule.database_inbound",
            "module.vpc_dev.aws_network_acl_rule.database_outbound",
            "module.vpc_dev.aws_network_acl_rule.elasticache_inbound",
            "module.vpc_dev.aws_network_acl_rule.elasticache_outbound",
            "module.vpc_dev.aws_network_acl_rule.intra_inbound",
            "module.vpc_dev.aws_network_acl_rule.intra_outbound",
            "module.vpc_dev.aws_network_acl_rule.outpost_inbound",
            "module.vpc_dev.aws_network_acl_rule.outpost_outbound",
            "module.vpc_dev.aws_network_acl_rule.private_inbound",
            "module.vpc_dev.aws_network_acl_rule.private_outbound",
            "module.vpc_dev.aws_network_acl_rule.public_inbound",
            "module.vpc_dev.aws_network_acl_rule.public_outbound",
            "module.vpc_dev.aws_network_acl_rule.redshift_inbound",
            "module.vpc_dev.aws_network_acl_rule.redshift_outbound",
            "module.vpc_dev.aws_redshift_subnet_group.redshift",
            "module.vpc_dev.aws_route.database_internet_gateway",
            "module.vpc_dev.aws_route.database_ipv6_egress",
            "module.vpc_dev.aws_route.database_nat_gateway",
            "module.vpc_dev.aws_route.private_ipv6_egress",
            "module.vpc_dev.aws_route.private_nat_gateway",
            "module.vpc_dev.aws_route.public_internet_gateway",
            "module.vpc_dev.aws_route.public_internet_gateway_ipv6",
            "module.vpc_dev.aws_route_table.database",
            "module.vpc_dev.aws_route_table.elasticache",
            "module.vpc_dev.aws_route_table.intra",
            "module.vpc_dev.aws_route_table.private",
            "module.vpc_dev.aws_route_table.public",
            "module.vpc_dev.aws_route_table.redshift",
            "module.vpc_dev.aws_route_table_association.database",
            "module.vpc_dev.aws_route_table_association.elasticache",
            "module.vpc_dev.aws_route_table_association.intra",
            "module.vpc_dev.aws_route_table_association.outpost",
            "module.vpc_dev.aws_route_table_association.private",
            "module.vpc_dev.aws_route_table_association.public",
            "module.vpc_dev.aws_route_table_association.redshift",
            "module.vpc_dev.aws_route_table_association.redshift_public",
            "module.vpc_dev.aws_subnet.database",
            "module.vpc_dev.aws_subnet.elasticache",
            "module.vpc_dev.aws_subnet.intra",
            "module.vpc_dev.aws_subnet.outpost",
            "module.vpc_dev.aws_subnet.private",
            "module.vpc_dev.aws_subnet.public",
            "module.vpc_dev.aws_subnet.redshift",
            "module.vpc_dev.aws_vpc.this",
            "module.vpc_dev.aws_vpc_dhcp_options.this",
            "module.vpc_dev.aws_vpc_dhcp_options_association.this",
            "module.vpc_dev.aws_vpc_ipv4_cidr_block_association.this",
            "module.vpc_dev.aws_vpn_gateway.this",
            "module.vpc_dev.aws_vpn_gateway_attachment.this",
            "module.vpc_dev.aws_vpn_gateway_route_propagation.intra",
            "module.vpc_dev.aws_vpn_gateway_route_propagation.private",
            "module.vpc_dev.aws_vpn_gateway_route_propagation.public",
            "module.vpc_dev.data.aws_iam_policy_document.flow_log_cloudwatch_assume_role",
            "module.vpc_dev.data.aws_iam_policy_document.vpc_flow_log_cloudwatch"
          ]
        }
      ]
    },
    {
      "mode": "managed",
      "type": "aws_eks_node_group",
      "name": "k8s-ng-private",
      "provider": "provider[\"registry.terraform.io/hashicorp/aws\"]",
      "instances": [
        {
          "schema_version": 0,
          "attributes": {
            "ami_type": "AL2_x86_64",
            "arn": "arn:aws:eks:ap-south-1:655180071464:nodegroup/myzone_stag_eks_cluster/myzone_stag_eks_cluster-ng-private/cac23acc-f7f6-039d-ba0f-ff4f22c62313",
            "capacity_type": "ON_DEMAND",
            "cluster_name": "myzone_stag_eks_cluster",
            "disk_size": 20,
            "force_update_version": null,
            "id": "myzone_stag_eks_cluster:myzone_stag_eks_cluster-ng-private",
            "instance_types": [
              "t3.medium"
            ],
            "labels": null,
            "launch_template": [],
            "node_group_name": "myzone_stag_eks_cluster-ng-private",
            "node_group_name_prefix": "",
            "node_role_arn": "arn:aws:iam::655180071464:role/myzone-stag-k8s-node",
            "release_version": "1.22.12-20221104",
            "remote_access": [
              {
                "ec2_ssh_key": "terraform",
                "source_security_group_ids": null
              }
            ],
            "resources": [
              {
                "autoscaling_groups": [
                  {
                    "name": "eks-myzone_stag_eks_cluster-ng-private-cac23acc-f7f6-039d-ba0f-ff4f22c62313"
                  }
                ],
                "remote_access_security_group_id": "sg-01839670298278772"
              }
            ],
            "scaling_config": [
              {
                "desired_size": 1,
                "max_size": 2,
                "min_size": 1
              }
            ],
            "status": "ACTIVE",
            "subnet_ids": [
              "subnet-014ec293e9c48fd0e",
              "subnet-076e480ee269170a5",
              "subnet-0b91c979ac08b3caa"
            ],
            "tags": {
              "Name": "Private-Node-Group"
            },
            "tags_all": {
              "Name": "Private-Node-Group"
            },
            "taint": [],
            "timeouts": null,
            "update_config": [
              {
                "max_unavailable": 1,
                "max_unavailable_percentage": 0
              }
            ],
            "version": "1.22"
          },
          "sensitive_attributes": [],
          "private": "eyJlMmJmYjczMC1lY2FhLTExZTYtOGY4OC0zNDM2M2JjN2M0YzAiOnsiY3JlYXRlIjozNjAwMDAwMDAwMDAwLCJkZWxldGUiOjM2MDAwMDAwMDAwMDAsInVwZGF0ZSI6MzYwMDAwMDAwMDAwMH19",
          "dependencies": [
            "aws_eks_cluster.k8s",
            "aws_iam_role.k8s_node_role",
            "aws_iam_role.k8s_role",
            "aws_iam_role_policy_attachment.k8s-AmazonEC2ContainerRegistryReadOnly",
            "aws_iam_role_policy_attachment.k8s-AmazonEKSClusterPolicy",
            "aws_iam_role_policy_attachment.k8s-AmazonEKSVPCResourceController",
            "aws_iam_role_policy_attachment.k8s-AmazonEKSWorkerNodePolicy",
            "aws_iam_role_policy_attachment.k8s-AmazonEKS_CNI_Policy",
            "data.aws_availability_zones.azs",
            "module.vpc_dev.aws_cloudwatch_log_group.flow_log",
            "module.vpc_dev.aws_customer_gateway.this",
            "module.vpc_dev.aws_db_subnet_group.database",
            "module.vpc_dev.aws_default_network_acl.this",
            "module.vpc_dev.aws_default_route_table.default",
            "module.vpc_dev.aws_default_security_group.this",
            "module.vpc_dev.aws_default_vpc.this",
            "module.vpc_dev.aws_egress_only_internet_gateway.this",
            "module.vpc_dev.aws_eip.nat",
            "module.vpc_dev.aws_elasticache_subnet_group.elasticache",
            "module.vpc_dev.aws_flow_log.this",
            "module.vpc_dev.aws_iam_policy.vpc_flow_log_cloudwatch",
            "module.vpc_dev.aws_iam_role.vpc_flow_log_cloudwatch",
            "module.vpc_dev.aws_iam_role_policy_attachment.vpc_flow_log_cloudwatch",
            "module.vpc_dev.aws_internet_gateway.this",
            "module.vpc_dev.aws_nat_gateway.this",
            "module.vpc_dev.aws_network_acl.database",
            "module.vpc_dev.aws_network_acl.elasticache",
            "module.vpc_dev.aws_network_acl.intra",
            "module.vpc_dev.aws_network_acl.outpost",
            "module.vpc_dev.aws_network_acl.private",
            "module.vpc_dev.aws_network_acl.public",
            "module.vpc_dev.aws_network_acl.redshift",
            "module.vpc_dev.aws_network_acl_rule.database_inbound",
            "module.vpc_dev.aws_network_acl_rule.database_outbound",
            "module.vpc_dev.aws_network_acl_rule.elasticache_inbound",
            "module.vpc_dev.aws_network_acl_rule.elasticache_outbound",
            "module.vpc_dev.aws_network_acl_rule.intra_inbound",
            "module.vpc_dev.aws_network_acl_rule.intra_outbound",
            "module.vpc_dev.aws_network_acl_rule.outpost_inbound",
            "module.vpc_dev.aws_network_acl_rule.outpost_outbound",
            "module.vpc_dev.aws_network_acl_rule.private_inbound",
            "module.vpc_dev.aws_network_acl_rule.private_outbound",
            "module.vpc_dev.aws_network_acl_rule.public_inbound",
            "module.vpc_dev.aws_network_acl_rule.public_outbound",
            "module.vpc_dev.aws_network_acl_rule.redshift_inbound",
            "module.vpc_dev.aws_network_acl_rule.redshift_outbound",
            "module.vpc_dev.aws_redshift_subnet_group.redshift",
            "module.vpc_dev.aws_route.database_internet_gateway",
            "module.vpc_dev.aws_route.database_ipv6_egress",
            "module.vpc_dev.aws_route.database_nat_gateway",
            "module.vpc_dev.aws_route.private_ipv6_egress",
            "module.vpc_dev.aws_route.private_nat_gateway",
            "module.vpc_dev.aws_route.public_internet_gateway",
            "module.vpc_dev.aws_route.public_internet_gateway_ipv6",
            "module.vpc_dev.aws_route_table.database",
            "module.vpc_dev.aws_route_table.elasticache",
            "module.vpc_dev.aws_route_table.intra",
            "module.vpc_dev.aws_route_table.private",
            "module.vpc_dev.aws_route_table.public",
            "module.vpc_dev.aws_route_table.redshift",
            "module.vpc_dev.aws_route_table_association.database",
            "module.vpc_dev.aws_route_table_association.elasticache",
            "module.vpc_dev.aws_route_table_association.intra",
            "module.vpc_dev.aws_route_table_association.outpost",
            "module.vpc_dev.aws_route_table_association.private",
            "module.vpc_dev.aws_route_table_association.public",
            "module.vpc_dev.aws_route_table_association.redshift",
            "module.vpc_dev.aws_route_table_association.redshift_public",
            "module.vpc_dev.aws_subnet.database",
            "module.vpc_dev.aws_subnet.elasticache",
            "module.vpc_dev.aws_subnet.intra",
            "module.vpc_dev.aws_subnet.outpost",
            "module.vpc_dev.aws_subnet.private",
            "module.vpc_dev.aws_subnet.public",
            "module.vpc_dev.aws_subnet.redshift",
            "module.vpc_dev.aws_vpc.this",
            "module.vpc_dev.aws_vpc_dhcp_options.this",
            "module.vpc_dev.aws_vpc_dhcp_options_association.this",
            "module.vpc_dev.aws_vpc_ipv4_cidr_block_association.this",
            "module.vpc_dev.aws_vpn_gateway.this",
            "module.vpc_dev.aws_vpn_gateway_attachment.this",
            "module.vpc_dev.aws_vpn_gateway_route_propagation.intra",
            "module.vpc_dev.aws_vpn_gateway_route_propagation.private",
            "module.vpc_dev.aws_vpn_gateway_route_propagation.public",
            "module.vpc_dev.data.aws_iam_policy_document.flow_log_cloudwatch_assume_role",
            "module.vpc_dev.data.aws_iam_policy_document.vpc_flow_log_cloudwatch"
          ]
        }
      ]
    },
    {
      "mode": "managed",
      "type": "aws_eks_node_group",
      "name": "k8s-ng-public",
      "provider": "provider[\"registry.terraform.io/hashicorp/aws\"]",
      "instances": [
        {
          "schema_version": 0,
          "attributes": {
            "ami_type": "AL2_x86_64",
            "arn": "arn:aws:eks:ap-south-1:655180071464:nodegroup/myzone_stag_eks_cluster/myzone_stag_eks_cluster-ng-public/68c23acc-f803-f3bc-446b-7362a7a4fc01",
            "capacity_type": "ON_DEMAND",
            "cluster_name": "myzone_stag_eks_cluster",
            "disk_size": 20,
            "force_update_version": null,
            "id": "myzone_stag_eks_cluster:myzone_stag_eks_cluster-ng-public",
            "instance_types": [
              "t3.medium"
            ],
            "labels": null,
            "launch_template": [],
            "node_group_name": "myzone_stag_eks_cluster-ng-public",
            "node_group_name_prefix": "",
            "node_role_arn": "arn:aws:iam::655180071464:role/myzone-stag-k8s-node",
            "release_version": "1.22.12-20221104",
            "remote_access": [
              {
                "ec2_ssh_key": "terraform",
                "source_security_group_ids": null
              }
            ],
            "resources": [
              {
                "autoscaling_groups": [
                  {
                    "name": "eks-myzone_stag_eks_cluster-ng-public-68c23acc-f803-f3bc-446b-7362a7a4fc01"
                  }
                ],
                "remote_access_security_group_id": "sg-0e6334621c480e45b"
              }
            ],
            "scaling_config": [
              {
                "desired_size": 1,
                "max_size": 2,
                "min_size": 1
              }
            ],
            "status": "ACTIVE",
            "subnet_ids": [
              "subnet-0aec1cbdeccbf88e5",
              "subnet-0bc429e07b965ebb5",
              "subnet-0bebf7b0b26f93eee"
            ],
            "tags": {
              "Name": "Public-Node-Group"
            },
            "tags_all": {
              "Name": "Public-Node-Group"
            },
            "taint": [],
            "timeouts": null,
            "update_config": [
              {
                "max_unavailable": 1,
                "max_unavailable_percentage": 0
              }
            ],
            "version": "1.22"
          },
          "sensitive_attributes": [],
          "private": "eyJlMmJmYjczMC1lY2FhLTExZTYtOGY4OC0zNDM2M2JjN2M0YzAiOnsiY3JlYXRlIjozNjAwMDAwMDAwMDAwLCJkZWxldGUiOjM2MDAwMDAwMDAwMDAsInVwZGF0ZSI6MzYwMDAwMDAwMDAwMH19",
          "dependencies": [
            "aws_eks_cluster.k8s",
            "aws_iam_role.k8s_node_role",
            "aws_iam_role.k8s_role",
            "aws_iam_role_policy_attachment.k8s-AmazonEC2ContainerRegistryReadOnly",
            "aws_iam_role_policy_attachment.k8s-AmazonEKSClusterPolicy",
            "aws_iam_role_policy_attachment.k8s-AmazonEKSVPCResourceController",
            "aws_iam_role_policy_attachment.k8s-AmazonEKSWorkerNodePolicy",
            "aws_iam_role_policy_attachment.k8s-AmazonEKS_CNI_Policy",
            "data.aws_availability_zones.azs",
            "module.vpc_dev.aws_cloudwatch_log_group.flow_log",
            "module.vpc_dev.aws_customer_gateway.this",
            "module.vpc_dev.aws_db_subnet_group.database",
            "module.vpc_dev.aws_default_network_acl.this",
            "module.vpc_dev.aws_default_route_table.default",
            "module.vpc_dev.aws_default_security_group.this",
            "module.vpc_dev.aws_default_vpc.this",
            "module.vpc_dev.aws_egress_only_internet_gateway.this",
            "module.vpc_dev.aws_eip.nat",
            "module.vpc_dev.aws_elasticache_subnet_group.elasticache",
            "module.vpc_dev.aws_flow_log.this",
            "module.vpc_dev.aws_iam_policy.vpc_flow_log_cloudwatch",
            "module.vpc_dev.aws_iam_role.vpc_flow_log_cloudwatch",
            "module.vpc_dev.aws_iam_role_policy_attachment.vpc_flow_log_cloudwatch",
            "module.vpc_dev.aws_internet_gateway.this",
            "module.vpc_dev.aws_nat_gateway.this",
            "module.vpc_dev.aws_network_acl.database",
            "module.vpc_dev.aws_network_acl.elasticache",
            "module.vpc_dev.aws_network_acl.intra",
            "module.vpc_dev.aws_network_acl.outpost",
            "module.vpc_dev.aws_network_acl.private",
            "module.vpc_dev.aws_network_acl.public",
            "module.vpc_dev.aws_network_acl.redshift",
            "module.vpc_dev.aws_network_acl_rule.database_inbound",
            "module.vpc_dev.aws_network_acl_rule.database_outbound",
            "module.vpc_dev.aws_network_acl_rule.elasticache_inbound",
            "module.vpc_dev.aws_network_acl_rule.elasticache_outbound",
            "module.vpc_dev.aws_network_acl_rule.intra_inbound",
            "module.vpc_dev.aws_network_acl_rule.intra_outbound",
            "module.vpc_dev.aws_network_acl_rule.outpost_inbound",
            "module.vpc_dev.aws_network_acl_rule.outpost_outbound",
            "module.vpc_dev.aws_network_acl_rule.private_inbound",
            "module.vpc_dev.aws_network_acl_rule.private_outbound",
            "module.vpc_dev.aws_network_acl_rule.public_inbound",
            "module.vpc_dev.aws_network_acl_rule.public_outbound",
            "module.vpc_dev.aws_network_acl_rule.redshift_inbound",
            "module.vpc_dev.aws_network_acl_rule.redshift_outbound",
            "module.vpc_dev.aws_redshift_subnet_group.redshift",
            "module.vpc_dev.aws_route.database_internet_gateway",
            "module.vpc_dev.aws_route.database_ipv6_egress",
            "module.vpc_dev.aws_route.database_nat_gateway",
            "module.vpc_dev.aws_route.private_ipv6_egress",
            "module.vpc_dev.aws_route.private_nat_gateway",
            "module.vpc_dev.aws_route.public_internet_gateway",
            "module.vpc_dev.aws_route.public_internet_gateway_ipv6",
            "module.vpc_dev.aws_route_table.database",
            "module.vpc_dev.aws_route_table.elasticache",
            "module.vpc_dev.aws_route_table.intra",
            "module.vpc_dev.aws_route_table.private",
            "module.vpc_dev.aws_route_table.public",
            "module.vpc_dev.aws_route_table.redshift",
            "module.vpc_dev.aws_route_table_association.database",
            "module.vpc_dev.aws_route_table_association.elasticache",
            "module.vpc_dev.aws_route_table_association.intra",
            "module.vpc_dev.aws_route_table_association.outpost",
            "module.vpc_dev.aws_route_table_association.private",
            "module.vpc_dev.aws_route_table_association.public",
            "module.vpc_dev.aws_route_table_association.redshift",
            "module.vpc_dev.aws_route_table_association.redshift_public",
            "module.vpc_dev.aws_subnet.database",
            "module.vpc_dev.aws_subnet.elasticache",
            "module.vpc_dev.aws_subnet.intra",
            "module.vpc_dev.aws_subnet.outpost",
            "module.vpc_dev.aws_subnet.private",
            "module.vpc_dev.aws_subnet.public",
            "module.vpc_dev.aws_subnet.redshift",
            "module.vpc_dev.aws_vpc.this",
            "module.vpc_dev.aws_vpc_dhcp_options.this",
            "module.vpc_dev.aws_vpc_dhcp_options_association.this",
            "module.vpc_dev.aws_vpc_ipv4_cidr_block_association.this",
            "module.vpc_dev.aws_vpn_gateway.this",
            "module.vpc_dev.aws_vpn_gateway_attachment.this",
            "module.vpc_dev.aws_vpn_gateway_route_propagation.intra",
            "module.vpc_dev.aws_vpn_gateway_route_propagation.private",
            "module.vpc_dev.aws_vpn_gateway_route_propagation.public",
            "module.vpc_dev.data.aws_iam_policy_document.flow_log_cloudwatch_assume_role",
            "module.vpc_dev.data.aws_iam_policy_document.vpc_flow_log_cloudwatch"
          ]
        }
      ]
    },
    {
      "mode": "managed",
      "type": "aws_iam_role",
      "name": "k8s_node_role",
      "provider": "provider[\"registry.terraform.io/hashicorp/aws\"]",
      "instances": [
        {
          "schema_version": 0,
          "attributes": {
            "arn": "arn:aws:iam::655180071464:role/myzone-stag-k8s-node",
            "assume_role_policy": "{\"Statement\":[{\"Action\":\"sts:AssumeRole\",\"Effect\":\"Allow\",\"Principal\":{\"Service\":\"ec2.amazonaws.com\"},\"Sid\":\"\"}],\"Version\":\"2012-10-17\"}",
            "create_date": "2022-11-14T09:55:16Z",
            "description": "",
            "force_detach_policies": false,
            "id": "myzone-stag-k8s-node",
            "inline_policy": [],
            "managed_policy_arns": [],
            "max_session_duration": 3600,
            "name": "myzone-stag-k8s-node",
            "name_prefix": "",
            "path": "/",
            "permissions_boundary": null,
            "tags": {
              "CreatedBy": "Dhanwan",
              "CreationDate": "2022-11-14T09:55:15Z",
              "Type": "stag"
            },
            "tags_all": {
              "CreatedBy": "Dhanwan",
              "CreationDate": "2022-11-14T09:55:15Z",
              "Type": "stag"
            },
            "unique_id": "AROAZRC6GQIUNW65K5KQ7"
          },
          "sensitive_attributes": [],
          "private": "bnVsbA=="
        }
      ]
    },
    {
      "mode": "managed",
      "type": "aws_iam_role",
      "name": "k8s_role",
      "provider": "provider[\"registry.terraform.io/hashicorp/aws\"]",
      "instances": [
        {
          "schema_version": 0,
          "attributes": {
            "arn": "arn:aws:iam::655180071464:role/myzone-stag-k8s",
            "assume_role_policy": "{\"Statement\":[{\"Action\":\"sts:AssumeRole\",\"Effect\":\"Allow\",\"Principal\":{\"Service\":\"eks.amazonaws.com\"},\"Sid\":\"\"}],\"Version\":\"2012-10-17\"}",
            "create_date": "2022-11-14T09:55:16Z",
            "description": "",
            "force_detach_policies": false,
            "id": "myzone-stag-k8s",
            "inline_policy": [],
            "managed_policy_arns": [],
            "max_session_duration": 3600,
            "name": "myzone-stag-k8s",
            "name_prefix": "",
            "path": "/",
            "permissions_boundary": null,
            "tags": {
              "CreatedBy": "Dhanwan",
              "CreationDate": "2022-11-14T09:55:15Z",
              "Type": "stag"
            },
            "tags_all": {
              "CreatedBy": "Dhanwan",
              "CreationDate": "2022-11-14T09:55:15Z",
              "Type": "stag"
            },
            "unique_id": "AROAZRC6GQIUO2KLSS5O6"
          },
          "sensitive_attributes": [],
          "private": "bnVsbA=="
        }
      ]
    },
    {
      "mode": "managed",
      "type": "aws_iam_role_policy_attachment",
      "name": "k8s-AmazonEC2ContainerRegistryReadOnly",
      "provider": "provider[\"registry.terraform.io/hashicorp/aws\"]",
      "instances": [
        {
          "schema_version": 0,
          "attributes": {
            "id": "myzone-stag-k8s-node-20221114095518629200000001",
            "policy_arn": "arn:aws:iam::aws:policy/AmazonEC2ContainerRegistryReadOnly",
            "role": "myzone-stag-k8s-node"
          },
          "sensitive_attributes": [],
          "private": "bnVsbA==",
          "dependencies": [
            "aws_iam_role.k8s_node_role"
          ]
        }
      ]
    },
    {
      "mode": "managed",
      "type": "aws_iam_role_policy_attachment",
      "name": "k8s-AmazonEKSClusterPolicy",
      "provider": "provider[\"registry.terraform.io/hashicorp/aws\"]",
      "instances": [
        {
          "schema_version": 0,
          "attributes": {
            "id": "myzone-stag-k8s-20221114095518918500000003",
            "policy_arn": "arn:aws:iam::aws:policy/AmazonEKSClusterPolicy",
            "role": "myzone-stag-k8s"
          },
          "sensitive_attributes": [],
          "private": "bnVsbA==",
          "dependencies": [
            "aws_iam_role.k8s_role"
          ]
        }
      ]
    },
    {
      "mode": "managed",
      "type": "aws_iam_role_policy_attachment",
      "name": "k8s-AmazonEKSVPCResourceController",
      "provider": "provider[\"registry.terraform.io/hashicorp/aws\"]",
      "instances": [
        {
          "schema_version": 0,
          "attributes": {
            "id": "myzone-stag-k8s-20221114095519211700000005",
            "policy_arn": "arn:aws:iam::aws:policy/AmazonEKSVPCResourceController",
            "role": "myzone-stag-k8s"
          },
          "sensitive_attributes": [],
          "private": "bnVsbA==",
          "dependencies": [
            "aws_iam_role.k8s_role"
          ]
        }
      ]
    },
    {
      "mode": "managed",
      "type": "aws_iam_role_policy_attachment",
      "name": "k8s-AmazonEKSWorkerNodePolicy",
      "provider": "provider[\"registry.terraform.io/hashicorp/aws\"]",
      "instances": [
        {
          "schema_version": 0,
          "attributes": {
            "id": "myzone-stag-k8s-node-20221114095518946900000004",
            "policy_arn": "arn:aws:iam::aws:policy/AmazonEKSWorkerNodePolicy",
            "role": "myzone-stag-k8s-node"
          },
          "sensitive_attributes": [],
          "private": "bnVsbA==",
          "dependencies": [
            "aws_iam_role.k8s_node_role"
          ]
        }
      ]
    },
    {
      "mode": "managed",
      "type": "aws_iam_role_policy_attachment",
      "name": "k8s-AmazonEKS_CNI_Policy",
      "provider": "provider[\"registry.terraform.io/hashicorp/aws\"]",
      "instances": [
        {
          "schema_version": 0,
          "attributes": {
            "id": "myzone-stag-k8s-node-20221114095518649500000002",
            "policy_arn": "arn:aws:iam::aws:policy/AmazonEKS_CNI_Policy",
            "role": "myzone-stag-k8s-node"
          },
          "sensitive_attributes": [],
          "private": "bnVsbA==",
          "dependencies": [
            "aws_iam_role.k8s_node_role"
          ]
        }
      ]
    },
    {
      "mode": "managed",
      "type": "null_resource",
      "name": "copy_ec2_key",
      "provider": "provider[\"registry.terraform.io/hashicorp/null\"]",
      "instances": [
        {
          "schema_version": 0,
          "attributes": {
            "id": "5577006791947779410",
            "triggers": null
          },
          "sensitive_attributes": [],
          "dependencies": [
            "aws_eip.ec2_ip",
            "data.aws_ami.ami",
            "data.aws_availability_zones.azs",
            "module.ec2-instance.aws_iam_instance_profile.this",
            "module.ec2-instance.aws_iam_role.this",
            "module.ec2-instance.aws_iam_role_policy_attachment.this",
            "module.ec2-instance.aws_instance.this",
            "module.ec2-instance.aws_spot_instance_request.this",
            "module.ec2-instance.data.aws_iam_policy_document.assume_role_policy",
            "module.ec2-instance.data.aws_partition.current",
            "module.ec2-instance.data.aws_ssm_parameter.this",
            "module.security-group.aws_security_group.this",
            "module.security-group.aws_security_group.this_name_prefix",
            "module.vpc_dev.aws_cloudwatch_log_group.flow_log",
            "module.vpc_dev.aws_customer_gateway.this",
            "module.vpc_dev.aws_db_subnet_group.database",
            "module.vpc_dev.aws_default_network_acl.this",
            "module.vpc_dev.aws_default_route_table.default",
            "module.vpc_dev.aws_default_security_group.this",
            "module.vpc_dev.aws_default_vpc.this",
            "module.vpc_dev.aws_egress_only_internet_gateway.this",
            "module.vpc_dev.aws_eip.nat",
            "module.vpc_dev.aws_elasticache_subnet_group.elasticache",
            "module.vpc_dev.aws_flow_log.this",
            "module.vpc_dev.aws_iam_policy.vpc_flow_log_cloudwatch",
            "module.vpc_dev.aws_iam_role.vpc_flow_log_cloudwatch",
            "module.vpc_dev.aws_iam_role_policy_attachment.vpc_flow_log_cloudwatch",
            "module.vpc_dev.aws_internet_gateway.this",
            "module.vpc_dev.aws_nat_gateway.this",
            "module.vpc_dev.aws_network_acl.database",
            "module.vpc_dev.aws_network_acl.elasticache",
            "module.vpc_dev.aws_network_acl.intra",
            "module.vpc_dev.aws_network_acl.outpost",
            "module.vpc_dev.aws_network_acl.private",
            "module.vpc_dev.aws_network_acl.public",
            "module.vpc_dev.aws_network_acl.redshift",
            "module.vpc_dev.aws_network_acl_rule.database_inbound",
            "module.vpc_dev.aws_network_acl_rule.database_outbound",
            "module.vpc_dev.aws_network_acl_rule.elasticache_inbound",
            "module.vpc_dev.aws_network_acl_rule.elasticache_outbound",
            "module.vpc_dev.aws_network_acl_rule.intra_inbound",
            "module.vpc_dev.aws_network_acl_rule.intra_outbound",
            "module.vpc_dev.aws_network_acl_rule.outpost_inbound",
            "module.vpc_dev.aws_network_acl_rule.outpost_outbound",
            "module.vpc_dev.aws_network_acl_rule.private_inbound",
            "module.vpc_dev.aws_network_acl_rule.private_outbound",
            "module.vpc_dev.aws_network_acl_rule.public_inbound",
            "module.vpc_dev.aws_network_acl_rule.public_outbound",
            "module.vpc_dev.aws_network_acl_rule.redshift_inbound",
            "module.vpc_dev.aws_network_acl_rule.redshift_outbound",
            "module.vpc_dev.aws_redshift_subnet_group.redshift",
            "module.vpc_dev.aws_route.database_internet_gateway",
            "module.vpc_dev.aws_route.database_ipv6_egress",
            "module.vpc_dev.aws_route.database_nat_gateway",
            "module.vpc_dev.aws_route.private_ipv6_egress",
            "module.vpc_dev.aws_route.private_nat_gateway",
            "module.vpc_dev.aws_route.public_internet_gateway",
            "module.vpc_dev.aws_route.public_internet_gateway_ipv6",
            "module.vpc_dev.aws_route_table.database",
            "module.vpc_dev.aws_route_table.elasticache",
            "module.vpc_dev.aws_route_table.intra",
            "module.vpc_dev.aws_route_table.private",
            "module.vpc_dev.aws_route_table.public",
            "module.vpc_dev.aws_route_table.redshift",
            "module.vpc_dev.aws_route_table_association.database",
            "module.vpc_dev.aws_route_table_association.elasticache",
            "module.vpc_dev.aws_route_table_association.intra",
            "module.vpc_dev.aws_route_table_association.outpost",
            "module.vpc_dev.aws_route_table_association.private",
            "module.vpc_dev.aws_route_table_association.public",
            "module.vpc_dev.aws_route_table_association.redshift",
            "module.vpc_dev.aws_route_table_association.redshift_public",
            "module.vpc_dev.aws_subnet.database",
            "module.vpc_dev.aws_subnet.elasticache",
            "module.vpc_dev.aws_subnet.intra",
            "module.vpc_dev.aws_subnet.outpost",
            "module.vpc_dev.aws_subnet.private",
            "module.vpc_dev.aws_subnet.public",
            "module.vpc_dev.aws_subnet.redshift",
            "module.vpc_dev.aws_vpc.this",
            "module.vpc_dev.aws_vpc_dhcp_options.this",
            "module.vpc_dev.aws_vpc_dhcp_options_association.this",
            "module.vpc_dev.aws_vpc_ipv4_cidr_block_association.this",
            "module.vpc_dev.aws_vpn_gateway.this",
            "module.vpc_dev.aws_vpn_gateway_attachment.this",
            "module.vpc_dev.aws_vpn_gateway_route_propagation.intra",
            "module.vpc_dev.aws_vpn_gateway_route_propagation.private",
            "module.vpc_dev.aws_vpn_gateway_route_propagation.public",
            "module.vpc_dev.data.aws_iam_policy_document.flow_log_cloudwatch_assume_role",
            "module.vpc_dev.data.aws_iam_policy_document.vpc_flow_log_cloudwatch"
          ]
        }
      ]
    },
    {
      "module": "module.ec2-instance",
      "mode": "data",
      "type": "aws_partition",
      "name": "current",
      "provider": "provider[\"registry.terraform.io/hashicorp/aws\"]",
      "instances": [
        {
          "schema_version": 0,
          "attributes": {
            "dns_suffix": "amazonaws.com",
            "id": "aws",
            "partition": "aws",
            "reverse_dns_prefix": "com.amazonaws"
          },
          "sensitive_attributes": []
        }
      ]
    },
    {
      "module": "module.ec2-instance",
      "mode": "data",
      "type": "aws_ssm_parameter",
      "name": "this",
      "provider": "provider[\"registry.terraform.io/hashicorp/aws\"]",
      "instances": [
        {
          "index_key": 0,
          "schema_version": 0,
          "attributes": {
            "arn": "arn:aws:ssm:ap-south-1::parameter/aws/service/ami-amazon-linux-latest/amzn2-ami-hvm-x86_64-gp2",
            "id": "/aws/service/ami-amazon-linux-latest/amzn2-ami-hvm-x86_64-gp2",
            "name": "/aws/service/ami-amazon-linux-latest/amzn2-ami-hvm-x86_64-gp2",
            "type": "String",
            "value": "ami-01f703c132f2b1a20",
            "version": 74,
            "with_decryption": true
          },
          "sensitive_attributes": []
        }
      ]
    },
    {
      "module": "module.ec2-instance",
      "mode": "managed",
      "type": "aws_instance",
      "name": "this",
      "provider": "provider[\"registry.terraform.io/hashicorp/aws\"]",
      "instances": [
        {
          "index_key": 0,
          "schema_version": 1,
          "attributes": {
            "ami": "ami-0331dade58b1ccc63",
            "arn": "arn:aws:ec2:ap-south-1:655180071464:instance/i-06830f2a7f5b9e6f1",
            "associate_public_ip_address": true,
            "availability_zone": "ap-south-1a",
            "capacity_reservation_specification": [
              {
                "capacity_reservation_preference": "open",
                "capacity_reservation_target": []
              }
            ],
            "cpu_core_count": 1,
            "cpu_threads_per_core": 1,
            "credit_specification": [
              {
                "cpu_credits": "standard"
              }
            ],
            "disable_api_stop": false,
            "disable_api_termination": false,
            "ebs_block_device": [],
            "ebs_optimized": false,
            "enclave_options": [
              {
                "enabled": false
              }
            ],
            "ephemeral_block_device": [],
            "get_password_data": false,
            "hibernation": false,
            "host_id": null,
            "host_resource_group_arn": null,
            "iam_instance_profile": "",
            "id": "i-06830f2a7f5b9e6f1",
            "instance_initiated_shutdown_behavior": "stop",
            "instance_state": "running",
            "instance_type": "t2.micro",
            "ipv6_address_count": 0,
            "ipv6_addresses": [],
            "key_name": "terraform",
            "launch_template": [],
            "maintenance_options": [
              {
                "auto_recovery": "default"
              }
            ],
            "metadata_options": [
              {
                "http_endpoint": "enabled",
                "http_put_response_hop_limit": 1,
                "http_tokens": "optional",
                "instance_metadata_tags": "disabled"
              }
            ],
            "monitoring": false,
            "network_interface": [],
            "outpost_arn": "",
            "password_data": "",
            "placement_group": "",
            "placement_partition_number": null,
            "primary_network_interface_id": "eni-06b61985ccf560fba",
            "private_dns": "ip-20-0-1-178.ap-south-1.compute.internal",
            "private_dns_name_options": [
              {
                "enable_resource_name_dns_a_record": false,
                "enable_resource_name_dns_aaaa_record": false,
                "hostname_type": "ip-name"
              }
            ],
            "private_ip": "20.0.1.178",
            "public_dns": "ec2-13-235-99-110.ap-south-1.compute.amazonaws.com",
            "public_ip": "13.235.99.110",
            "root_block_device": [
              {
                "delete_on_termination": true,
                "device_name": "/dev/xvda",
                "encrypted": true,
                "iops": 100,
                "kms_key_id": "arn:aws:kms:ap-south-1:655180071464:key/db1f1b4c-048c-4e8b-92e1-c2d4929b0fad",
                "tags": {},
                "throughput": 0,
                "volume_id": "vol-0043a246b75dc5fef",
                "volume_size": 8,
                "volume_type": "gp2"
              }
            ],
            "secondary_private_ips": [],
            "security_groups": [],
            "source_dest_check": true,
            "subnet_id": "subnet-0bebf7b0b26f93eee",
            "tags": {
              "CreatedBy": "Dhanwan",
              "CreationDate": "2022-11-14T09:55:15Z",
              "Name": "web",
              "Type": "stag"
            },
            "tags_all": {
              "CreatedBy": "Dhanwan",
              "CreationDate": "2022-11-14T09:55:15Z",
              "Name": "web",
              "Type": "stag"
            },
            "tenancy": "default",
            "timeouts": {
              "create": null,
              "delete": null,
              "update": null
            },
            "user_data": null,
            "user_data_base64": null,
            "user_data_replace_on_change": false,
            "volume_tags": {
              "Name": "web"
            },
            "vpc_security_group_ids": [
              "sg-0631d257a012a72db"
            ]
          },
          "sensitive_attributes": [
            [
              {
                "type": "get_attr",
                "value": "ami"
              }
            ]
          ],
          "private": "eyJlMmJmYjczMC1lY2FhLTExZTYtOGY4OC0zNDM2M2JjN2M0YzAiOnsiY3JlYXRlIjo2MDAwMDAwMDAwMDAsImRlbGV0ZSI6MTIwMDAwMDAwMDAwMCwidXBkYXRlIjo2MDAwMDAwMDAwMDB9LCJzY2hlbWFfdmVyc2lvbiI6IjEifQ==",
          "dependencies": [
            "data.aws_ami.ami",
            "data.aws_availability_zones.azs",
            "module.ec2-instance.aws_iam_instance_profile.this",
            "module.ec2-instance.data.aws_ssm_parameter.this",
            "module.security-group.aws_security_group.this",
            "module.security-group.aws_security_group.this_name_prefix",
            "module.vpc_dev.aws_subnet.public",
            "module.vpc_dev.aws_vpc.this",
            "module.vpc_dev.aws_vpc_ipv4_cidr_block_association.this"
          ]
        }
      ]
    },
    {
      "module": "module.security-group",
      "mode": "managed",
      "type": "aws_security_group",
      "name": "this_name_prefix",
      "provider": "provider[\"registry.terraform.io/hashicorp/aws\"]",
      "instances": [
        {
          "index_key": 0,
          "schema_version": 1,
          "attributes": {
            "arn": "arn:aws:ec2:ap-south-1:655180071464:security-group/sg-0631d257a012a72db",
            "description": "Security group for web-server with HTTP ports open within VPC",
            "egress": [],
            "id": "sg-0631d257a012a72db",
            "ingress": [],
            "name": "myzone-stag-sg-20221114095528052100000006",
            "name_prefix": "myzone-stag-sg-",
            "owner_id": "655180071464",
            "revoke_rules_on_delete": false,
            "tags": {
              "CreatedBy": "Dhanwan",
              "CreationDate": "2022-11-14T09:55:15Z",
              "Name": "myzone-stag-sg",
              "Type": "stag"
            },
            "tags_all": {
              "CreatedBy": "Dhanwan",
              "CreationDate": "2022-11-14T09:55:15Z",
              "Name": "myzone-stag-sg",
              "Type": "stag"
            },
            "timeouts": {
              "create": "10m",
              "delete": "15m"
            },
            "vpc_id": "vpc-039346d60ed5a6261"
          },
          "sensitive_attributes": [],
          "private": "eyJlMmJmYjczMC1lY2FhLTExZTYtOGY4OC0zNDM2M2JjN2M0YzAiOnsiY3JlYXRlIjo2MDAwMDAwMDAwMDAsImRlbGV0ZSI6OTAwMDAwMDAwMDAwfSwic2NoZW1hX3ZlcnNpb24iOiIxIn0=",
          "dependencies": [
            "module.vpc_dev.aws_vpc.this"
          ],
          "create_before_destroy": true
        }
      ]
    },
    {
      "module": "module.security-group",
      "mode": "managed",
      "type": "aws_security_group_rule",
      "name": "egress_rules",
      "provider": "provider[\"registry.terraform.io/hashicorp/aws\"]",
      "instances": [
        {
          "index_key": 0,
          "schema_version": 2,
          "attributes": {
            "cidr_blocks": [
              "0.0.0.0/0"
            ],
            "description": "All protocols",
            "from_port": -1,
            "id": "sgrule-1526282096",
            "ipv6_cidr_blocks": [
              "::/0"
            ],
            "prefix_list_ids": [],
            "protocol": "-1",
            "security_group_id": "sg-0631d257a012a72db",
            "self": false,
            "source_security_group_id": null,
            "timeouts": null,
            "to_port": -1,
            "type": "egress"
          },
          "sensitive_attributes": [],
          "private": "eyJlMmJmYjczMC1lY2FhLTExZTYtOGY4OC0zNDM2M2JjN2M0YzAiOnsiY3JlYXRlIjozMDAwMDAwMDAwMDB9LCJzY2hlbWFfdmVyc2lvbiI6IjIifQ==",
          "dependencies": [
            "module.security-group.aws_security_group.this",
            "module.security-group.aws_security_group.this_name_prefix",
            "module.vpc_dev.aws_vpc.this"
          ]
        }
      ]
    },
    {
      "module": "module.security-group",
      "mode": "managed",
      "type": "aws_security_group_rule",
      "name": "ingress_rules",
      "provider": "provider[\"registry.terraform.io/hashicorp/aws\"]",
      "instances": [
        {
          "index_key": 0,
          "schema_version": 2,
          "attributes": {
            "cidr_blocks": [
              "0.0.0.0/0"
            ],
            "description": "SSH",
            "from_port": 22,
            "id": "sgrule-3391115356",
            "ipv6_cidr_blocks": [],
            "prefix_list_ids": [],
            "protocol": "tcp",
            "security_group_id": "sg-0631d257a012a72db",
            "self": false,
            "source_security_group_id": null,
            "timeouts": null,
            "to_port": 22,
            "type": "ingress"
          },
          "sensitive_attributes": [],
          "private": "eyJlMmJmYjczMC1lY2FhLTExZTYtOGY4OC0zNDM2M2JjN2M0YzAiOnsiY3JlYXRlIjozMDAwMDAwMDAwMDB9LCJzY2hlbWFfdmVyc2lvbiI6IjIifQ==",
          "dependencies": [
            "module.security-group.aws_security_group.this",
            "module.security-group.aws_security_group.this_name_prefix",
            "module.vpc_dev.aws_vpc.this"
          ]
        }
      ]
    },
    {
      "module": "module.vpc_dev",
      "mode": "managed",
      "type": "aws_db_subnet_group",
      "name": "database",
      "provider": "provider[\"registry.terraform.io/hashicorp/aws\"]",
      "instances": [
        {
          "index_key": 0,
          "schema_version": 0,
          "attributes": {
            "arn": "arn:aws:rds:ap-south-1:655180071464:subgrp:myzone-stag-vpc",
            "description": "Database subnet group for myzone-stag-vpc",
            "id": "myzone-stag-vpc",
            "name": "myzone-stag-vpc",
            "name_prefix": "",
            "subnet_ids": [
              "subnet-019548955c6b6a154",
              "subnet-0474be4cfa43c376f",
              "subnet-0b6c7ed5ca5069419"
            ],
            "supported_network_types": [
              "IPV4"
            ],
            "tags": {
              "CreatedBy": "Dhanwan",
              "CreationDate": "2022-11-14T09:55:15Z",
              "Name": "myzone-stag-vpc",
              "Type": "stag"
            },
            "tags_all": {
              "CreatedBy": "Dhanwan",
              "CreationDate": "2022-11-14T09:55:15Z",
              "Name": "myzone-stag-vpc",
              "Type": "stag"
            }
          },
          "sensitive_attributes": [],
          "private": "bnVsbA==",
          "dependencies": [
            "data.aws_availability_zones.azs",
            "module.vpc_dev.aws_subnet.database",
            "module.vpc_dev.aws_vpc.this",
            "module.vpc_dev.aws_vpc_ipv4_cidr_block_association.this"
          ]
        }
      ]
    },
    {
      "module": "module.vpc_dev",
      "mode": "managed",
      "type": "aws_eip",
      "name": "nat",
      "provider": "provider[\"registry.terraform.io/hashicorp/aws\"]",
      "instances": [
        {
          "index_key": 0,
          "schema_version": 0,
          "attributes": {
            "address": null,
            "allocation_id": "eipalloc-0b42ac91660194d26",
            "associate_with_private_ip": null,
            "association_id": "",
            "carrier_ip": "",
            "customer_owned_ip": "",
            "customer_owned_ipv4_pool": "",
            "domain": "vpc",
            "id": "eipalloc-0b42ac91660194d26",
            "instance": "",
            "network_border_group": "ap-south-1",
            "network_interface": "",
            "private_dns": null,
            "private_ip": "",
            "public_dns": "ec2-13-235-193-114.ap-south-1.compute.amazonaws.com",
            "public_ip": "13.235.193.114",
            "public_ipv4_pool": "amazon",
            "tags": {
              "CreatedBy": "Dhanwan",
              "CreationDate": "2022-11-14T09:55:15Z",
              "Name": "myzone-stag-vpc-ap-south-1a",
              "Type": "stag"
            },
            "tags_all": {
              "CreatedBy": "Dhanwan",
              "CreationDate": "2022-11-14T09:55:15Z",
              "Name": "myzone-stag-vpc-ap-south-1a",
              "Type": "stag"
            },
            "timeouts": null,
            "vpc": true
          },
          "sensitive_attributes": [],
          "private": "eyJlMmJmYjczMC1lY2FhLTExZTYtOGY4OC0zNDM2M2JjN2M0YzAiOnsiZGVsZXRlIjoxODAwMDAwMDAwMDAsInJlYWQiOjkwMDAwMDAwMDAwMCwidXBkYXRlIjozMDAwMDAwMDAwMDB9fQ==",
          "dependencies": [
            "data.aws_availability_zones.azs"
          ]
        }
      ]
    },
    {
      "module": "module.vpc_dev",
      "mode": "managed",
      "type": "aws_internet_gateway",
      "name": "this",
      "provider": "provider[\"registry.terraform.io/hashicorp/aws\"]",
      "instances": [
        {
          "index_key": 0,
          "schema_version": 0,
          "attributes": {
            "arn": "arn:aws:ec2:ap-south-1:655180071464:internet-gateway/igw-0819d4045b0f52fcc",
            "id": "igw-0819d4045b0f52fcc",
            "owner_id": "655180071464",
            "tags": {
              "CreatedBy": "Dhanwan",
              "CreationDate": "2022-11-14T09:55:15Z",
              "Name": "myzone-stag-vpc",
              "Type": "stag"
            },
            "tags_all": {
              "CreatedBy": "Dhanwan",
              "CreationDate": "2022-11-14T09:55:15Z",
              "Name": "myzone-stag-vpc",
              "Type": "stag"
            },
            "timeouts": null,
            "vpc_id": "vpc-039346d60ed5a6261"
          },
          "sensitive_attributes": [],
          "private": "eyJlMmJmYjczMC1lY2FhLTExZTYtOGY4OC0zNDM2M2JjN2M0YzAiOnsiY3JlYXRlIjoxMjAwMDAwMDAwMDAwLCJkZWxldGUiOjEyMDAwMDAwMDAwMDAsInVwZGF0ZSI6MTIwMDAwMDAwMDAwMH19",
          "dependencies": [
            "module.vpc_dev.aws_vpc.this",
            "module.vpc_dev.aws_vpc_ipv4_cidr_block_association.this"
          ]
        }
      ]
    },
    {
      "module": "module.vpc_dev",
      "mode": "managed",
      "type": "aws_nat_gateway",
      "name": "this",
      "provider": "provider[\"registry.terraform.io/hashicorp/aws\"]",
      "instances": [
        {
          "index_key": 0,
          "schema_version": 0,
          "attributes": {
            "allocation_id": "eipalloc-0b42ac91660194d26",
            "connectivity_type": "public",
            "id": "nat-031767f97b451717d",
            "network_interface_id": "eni-081e3c856df1b0b85",
            "private_ip": "20.0.1.122",
            "public_ip": "13.235.193.114",
            "subnet_id": "subnet-0bebf7b0b26f93eee",
            "tags": {
              "CreatedBy": "Dhanwan",
              "CreationDate": "2022-11-14T09:55:15Z",
              "Name": "myzone-stag-vpc-ap-south-1a",
              "Type": "stag"
            },
            "tags_all": {
              "CreatedBy": "Dhanwan",
              "CreationDate": "2022-11-14T09:55:15Z",
              "Name": "myzone-stag-vpc-ap-south-1a",
              "Type": "stag"
            }
          },
          "sensitive_attributes": [],
          "private": "bnVsbA==",
          "dependencies": [
            "data.aws_availability_zones.azs",
            "module.vpc_dev.aws_eip.nat",
            "module.vpc_dev.aws_internet_gateway.this",
            "module.vpc_dev.aws_subnet.public",
            "module.vpc_dev.aws_vpc.this",
            "module.vpc_dev.aws_vpc_ipv4_cidr_block_association.this"
          ]
        }
      ]
    },
    {
      "module": "module.vpc_dev",
      "mode": "managed",
      "type": "aws_route",
      "name": "private_nat_gateway",
      "provider": "provider[\"registry.terraform.io/hashicorp/aws\"]",
      "instances": [
        {
          "index_key": 0,
          "schema_version": 0,
          "attributes": {
            "carrier_gateway_id": "",
            "core_network_arn": "",
            "destination_cidr_block": "0.0.0.0/0",
            "destination_ipv6_cidr_block": "",
            "destination_prefix_list_id": "",
            "egress_only_gateway_id": "",
            "gateway_id": "",
            "id": "r-rtb-09677403d42706d081080289494",
            "instance_id": "",
            "instance_owner_id": "",
            "local_gateway_id": "",
            "nat_gateway_id": "nat-031767f97b451717d",
            "network_interface_id": "",
            "origin": "CreateRoute",
            "route_table_id": "rtb-09677403d42706d08",
            "state": "active",
            "timeouts": {
              "create": "5m",
              "delete": null,
              "update": null
            },
            "transit_gateway_id": "",
            "vpc_endpoint_id": "",
            "vpc_peering_connection_id": ""
          },
          "sensitive_attributes": [],
          "private": "eyJlMmJmYjczMC1lY2FhLTExZTYtOGY4OC0zNDM2M2JjN2M0YzAiOnsiY3JlYXRlIjozMDAwMDAwMDAwMDAsImRlbGV0ZSI6MzAwMDAwMDAwMDAwLCJ1cGRhdGUiOjEyMDAwMDAwMDAwMH19",
          "dependencies": [
            "data.aws_availability_zones.azs",
            "module.vpc_dev.aws_eip.nat",
            "module.vpc_dev.aws_internet_gateway.this",
            "module.vpc_dev.aws_nat_gateway.this",
            "module.vpc_dev.aws_route_table.private",
            "module.vpc_dev.aws_subnet.public",
            "module.vpc_dev.aws_vpc.this",
            "module.vpc_dev.aws_vpc_ipv4_cidr_block_association.this"
          ]
        }
      ]
    },
    {
      "module": "module.vpc_dev",
      "mode": "managed",
      "type": "aws_route",
      "name": "public_internet_gateway",
      "provider": "provider[\"registry.terraform.io/hashicorp/aws\"]",
      "instances": [
        {
          "index_key": 0,
          "schema_version": 0,
          "attributes": {
            "carrier_gateway_id": "",
            "core_network_arn": "",
            "destination_cidr_block": "0.0.0.0/0",
            "destination_ipv6_cidr_block": "",
            "destination_prefix_list_id": "",
            "egress_only_gateway_id": "",
            "gateway_id": "igw-0819d4045b0f52fcc",
            "id": "r-rtb-06e0ad9e6d09b15d91080289494",
            "instance_id": "",
            "instance_owner_id": "",
            "local_gateway_id": "",
            "nat_gateway_id": "",
            "network_interface_id": "",
            "origin": "CreateRoute",
            "route_table_id": "rtb-06e0ad9e6d09b15d9",
            "state": "active",
            "timeouts": {
              "create": "5m",
              "delete": null,
              "update": null
            },
            "transit_gateway_id": "",
            "vpc_endpoint_id": "",
            "vpc_peering_connection_id": ""
          },
          "sensitive_attributes": [],
          "private": "eyJlMmJmYjczMC1lY2FhLTExZTYtOGY4OC0zNDM2M2JjN2M0YzAiOnsiY3JlYXRlIjozMDAwMDAwMDAwMDAsImRlbGV0ZSI6MzAwMDAwMDAwMDAwLCJ1cGRhdGUiOjEyMDAwMDAwMDAwMH19",
          "dependencies": [
            "module.vpc_dev.aws_internet_gateway.this",
            "module.vpc_dev.aws_route_table.public",
            "module.vpc_dev.aws_vpc.this",
            "module.vpc_dev.aws_vpc_ipv4_cidr_block_association.this"
          ]
        }
      ]
    },
    {
      "module": "module.vpc_dev",
      "mode": "managed",
      "type": "aws_route_table",
      "name": "database",
      "provider": "provider[\"registry.terraform.io/hashicorp/aws\"]",
      "instances": [
        {
          "index_key": 0,
          "schema_version": 0,
          "attributes": {
            "arn": "arn:aws:ec2:ap-south-1:655180071464:route-table/rtb-0ad4326a31521fff2",
            "id": "rtb-0ad4326a31521fff2",
            "owner_id": "655180071464",
            "propagating_vgws": [],
            "route": [],
            "tags": {
              "CreatedBy": "Dhanwan",
              "CreationDate": "2022-11-14T09:55:15Z",
              "Name": "myzone-stag-vpc-db",
              "Type": "stag"
            },
            "tags_all": {
              "CreatedBy": "Dhanwan",
              "CreationDate": "2022-11-14T09:55:15Z",
              "Name": "myzone-stag-vpc-db",
              "Type": "stag"
            },
            "timeouts": null,
            "vpc_id": "vpc-039346d60ed5a6261"
          },
          "sensitive_attributes": [],
          "private": "eyJlMmJmYjczMC1lY2FhLTExZTYtOGY4OC0zNDM2M2JjN2M0YzAiOnsiY3JlYXRlIjozMDAwMDAwMDAwMDAsImRlbGV0ZSI6MzAwMDAwMDAwMDAwLCJ1cGRhdGUiOjEyMDAwMDAwMDAwMH19",
          "dependencies": [
            "data.aws_availability_zones.azs",
            "module.vpc_dev.aws_vpc.this",
            "module.vpc_dev.aws_vpc_ipv4_cidr_block_association.this"
          ]
        }
      ]
    },
    {
      "module": "module.vpc_dev",
      "mode": "managed",
      "type": "aws_route_table",
      "name": "private",
      "provider": "provider[\"registry.terraform.io/hashicorp/aws\"]",
      "instances": [
        {
          "index_key": 0,
          "schema_version": 0,
          "attributes": {
            "arn": "arn:aws:ec2:ap-south-1:655180071464:route-table/rtb-09677403d42706d08",
            "id": "rtb-09677403d42706d08",
            "owner_id": "655180071464",
            "propagating_vgws": [],
            "route": [],
            "tags": {
              "CreatedBy": "Dhanwan",
              "CreationDate": "2022-11-14T09:55:15Z",
              "Name": "myzone-stag-vpc-private",
              "Type": "stag"
            },
            "tags_all": {
              "CreatedBy": "Dhanwan",
              "CreationDate": "2022-11-14T09:55:15Z",
              "Name": "myzone-stag-vpc-private",
              "Type": "stag"
            },
            "timeouts": null,
            "vpc_id": "vpc-039346d60ed5a6261"
          },
          "sensitive_attributes": [],
          "private": "eyJlMmJmYjczMC1lY2FhLTExZTYtOGY4OC0zNDM2M2JjN2M0YzAiOnsiY3JlYXRlIjozMDAwMDAwMDAwMDAsImRlbGV0ZSI6MzAwMDAwMDAwMDAwLCJ1cGRhdGUiOjEyMDAwMDAwMDAwMH19",
          "dependencies": [
            "data.aws_availability_zones.azs",
            "module.vpc_dev.aws_vpc.this",
            "module.vpc_dev.aws_vpc_ipv4_cidr_block_association.this"
          ]
        }
      ]
    },
    {
      "module": "module.vpc_dev",
      "mode": "managed",
      "type": "aws_route_table",
      "name": "public",
      "provider": "provider[\"registry.terraform.io/hashicorp/aws\"]",
      "instances": [
        {
          "index_key": 0,
          "schema_version": 0,
          "attributes": {
            "arn": "arn:aws:ec2:ap-south-1:655180071464:route-table/rtb-06e0ad9e6d09b15d9",
            "id": "rtb-06e0ad9e6d09b15d9",
            "owner_id": "655180071464",
            "propagating_vgws": [],
            "route": [],
            "tags": {
              "CreatedBy": "Dhanwan",
              "CreationDate": "2022-11-14T09:55:15Z",
              "Name": "myzone-stag-vpc-public",
              "Type": "stag"
            },
            "tags_all": {
              "CreatedBy": "Dhanwan",
              "CreationDate": "2022-11-14T09:55:15Z",
              "Name": "myzone-stag-vpc-public",
              "Type": "stag"
            },
            "timeouts": null,
            "vpc_id": "vpc-039346d60ed5a6261"
          },
          "sensitive_attributes": [],
          "private": "eyJlMmJmYjczMC1lY2FhLTExZTYtOGY4OC0zNDM2M2JjN2M0YzAiOnsiY3JlYXRlIjozMDAwMDAwMDAwMDAsImRlbGV0ZSI6MzAwMDAwMDAwMDAwLCJ1cGRhdGUiOjEyMDAwMDAwMDAwMH19",
          "dependencies": [
            "module.vpc_dev.aws_vpc.this",
            "module.vpc_dev.aws_vpc_ipv4_cidr_block_association.this"
          ]
        }
      ]
    },
    {
      "module": "module.vpc_dev",
      "mode": "managed",
      "type": "aws_route_table_association",
      "name": "database",
      "provider": "provider[\"registry.terraform.io/hashicorp/aws\"]",
      "instances": [
        {
          "index_key": 0,
          "schema_version": 0,
          "attributes": {
            "gateway_id": "",
            "id": "rtbassoc-097f4e0f751cdc990",
            "route_table_id": "rtb-0ad4326a31521fff2",
            "subnet_id": "subnet-0b6c7ed5ca5069419"
          },
          "sensitive_attributes": [],
          "private": "bnVsbA==",
          "dependencies": [
            "data.aws_availability_zones.azs",
            "module.vpc_dev.aws_route_table.database",
            "module.vpc_dev.aws_route_table.private",
            "module.vpc_dev.aws_subnet.database",
            "module.vpc_dev.aws_vpc.this",
            "module.vpc_dev.aws_vpc_ipv4_cidr_block_association.this"
          ]
        },
        {
          "index_key": 1,
          "schema_version": 0,
          "attributes": {
            "gateway_id": "",
            "id": "rtbassoc-00e54e1d243586b3d",
            "route_table_id": "rtb-0ad4326a31521fff2",
            "subnet_id": "subnet-019548955c6b6a154"
          },
          "sensitive_attributes": [],
          "private": "bnVsbA==",
          "dependencies": [
            "data.aws_availability_zones.azs",
            "module.vpc_dev.aws_route_table.database",
            "module.vpc_dev.aws_route_table.private",
            "module.vpc_dev.aws_subnet.database",
            "module.vpc_dev.aws_vpc.this",
            "module.vpc_dev.aws_vpc_ipv4_cidr_block_association.this"
          ]
        },
        {
          "index_key": 2,
          "schema_version": 0,
          "attributes": {
            "gateway_id": "",
            "id": "rtbassoc-007c784c78038c67c",
            "route_table_id": "rtb-0ad4326a31521fff2",
            "subnet_id": "subnet-0474be4cfa43c376f"
          },
          "sensitive_attributes": [],
          "private": "bnVsbA==",
          "dependencies": [
            "data.aws_availability_zones.azs",
            "module.vpc_dev.aws_route_table.database",
            "module.vpc_dev.aws_route_table.private",
            "module.vpc_dev.aws_subnet.database",
            "module.vpc_dev.aws_vpc.this",
            "module.vpc_dev.aws_vpc_ipv4_cidr_block_association.this"
          ]
        }
      ]
    },
    {
      "module": "module.vpc_dev",
      "mode": "managed",
      "type": "aws_route_table_association",
      "name": "private",
      "provider": "provider[\"registry.terraform.io/hashicorp/aws\"]",
      "instances": [
        {
          "index_key": 0,
          "schema_version": 0,
          "attributes": {
            "gateway_id": "",
            "id": "rtbassoc-0c99675ab5870c628",
            "route_table_id": "rtb-09677403d42706d08",
            "subnet_id": "subnet-0b91c979ac08b3caa"
          },
          "sensitive_attributes": [],
          "private": "bnVsbA==",
          "dependencies": [
            "data.aws_availability_zones.azs",
            "module.vpc_dev.aws_route_table.private",
            "module.vpc_dev.aws_subnet.private",
            "module.vpc_dev.aws_vpc.this",
            "module.vpc_dev.aws_vpc_ipv4_cidr_block_association.this"
          ]
        },
        {
          "index_key": 1,
          "schema_version": 0,
          "attributes": {
            "gateway_id": "",
            "id": "rtbassoc-06579c50c0090bcc3",
            "route_table_id": "rtb-09677403d42706d08",
            "subnet_id": "subnet-014ec293e9c48fd0e"
          },
          "sensitive_attributes": [],
          "private": "bnVsbA==",
          "dependencies": [
            "data.aws_availability_zones.azs",
            "module.vpc_dev.aws_route_table.private",
            "module.vpc_dev.aws_subnet.private",
            "module.vpc_dev.aws_vpc.this",
            "module.vpc_dev.aws_vpc_ipv4_cidr_block_association.this"
          ]
        },
        {
          "index_key": 2,
          "schema_version": 0,
          "attributes": {
            "gateway_id": "",
            "id": "rtbassoc-0bbd484acab3ebadc",
            "route_table_id": "rtb-09677403d42706d08",
            "subnet_id": "subnet-076e480ee269170a5"
          },
          "sensitive_attributes": [],
          "private": "bnVsbA==",
          "dependencies": [
            "data.aws_availability_zones.azs",
            "module.vpc_dev.aws_route_table.private",
            "module.vpc_dev.aws_subnet.private",
            "module.vpc_dev.aws_vpc.this",
            "module.vpc_dev.aws_vpc_ipv4_cidr_block_association.this"
          ]
        }
      ]
    },
    {
      "module": "module.vpc_dev",
      "mode": "managed",
      "type": "aws_route_table_association",
      "name": "public",
      "provider": "provider[\"registry.terraform.io/hashicorp/aws\"]",
      "instances": [
        {
          "index_key": 0,
          "schema_version": 0,
          "attributes": {
            "gateway_id": "",
            "id": "rtbassoc-0bf07540d921b198c",
            "route_table_id": "rtb-06e0ad9e6d09b15d9",
            "subnet_id": "subnet-0bebf7b0b26f93eee"
          },
          "sensitive_attributes": [],
          "private": "bnVsbA==",
          "dependencies": [
            "data.aws_availability_zones.azs",
            "module.vpc_dev.aws_route_table.public",
            "module.vpc_dev.aws_subnet.public",
            "module.vpc_dev.aws_vpc.this",
            "module.vpc_dev.aws_vpc_ipv4_cidr_block_association.this"
          ]
        },
        {
          "index_key": 1,
          "schema_version": 0,
          "attributes": {
            "gateway_id": "",
            "id": "rtbassoc-009aa7eeba43ae746",
            "route_table_id": "rtb-06e0ad9e6d09b15d9",
            "subnet_id": "subnet-0bc429e07b965ebb5"
          },
          "sensitive_attributes": [],
          "private": "bnVsbA==",
          "dependencies": [
            "data.aws_availability_zones.azs",
            "module.vpc_dev.aws_route_table.public",
            "module.vpc_dev.aws_subnet.public",
            "module.vpc_dev.aws_vpc.this",
            "module.vpc_dev.aws_vpc_ipv4_cidr_block_association.this"
          ]
        },
        {
          "index_key": 2,
          "schema_version": 0,
          "attributes": {
            "gateway_id": "",
            "id": "rtbassoc-06a9f411c364fc75d",
            "route_table_id": "rtb-06e0ad9e6d09b15d9",
            "subnet_id": "subnet-0aec1cbdeccbf88e5"
          },
          "sensitive_attributes": [],
          "private": "bnVsbA==",
          "dependencies": [
            "data.aws_availability_zones.azs",
            "module.vpc_dev.aws_route_table.public",
            "module.vpc_dev.aws_subnet.public",
            "module.vpc_dev.aws_vpc.this",
            "module.vpc_dev.aws_vpc_ipv4_cidr_block_association.this"
          ]
        }
      ]
    },
    {
      "module": "module.vpc_dev",
      "mode": "managed",
      "type": "aws_subnet",
      "name": "database",
      "provider": "provider[\"registry.terraform.io/hashicorp/aws\"]",
      "instances": [
        {
          "index_key": 0,
          "schema_version": 1,
          "attributes": {
            "arn": "arn:aws:ec2:ap-south-1:655180071464:subnet/subnet-0b6c7ed5ca5069419",
            "assign_ipv6_address_on_creation": false,
            "availability_zone": "ap-south-1a",
            "availability_zone_id": "aps1-az1",
            "cidr_block": "20.0.101.0/24",
            "customer_owned_ipv4_pool": "",
            "enable_dns64": false,
            "enable_resource_name_dns_a_record_on_launch": false,
            "enable_resource_name_dns_aaaa_record_on_launch": false,
            "id": "subnet-0b6c7ed5ca5069419",
            "ipv6_cidr_block": "",
            "ipv6_cidr_block_association_id": "",
            "ipv6_native": false,
            "map_customer_owned_ip_on_launch": false,
            "map_public_ip_on_launch": false,
            "outpost_arn": "",
            "owner_id": "655180071464",
            "private_dns_hostname_type_on_launch": "ip-name",
            "tags": {
              "CreatedBy": "Dhanwan",
              "CreationDate": "2022-11-14T09:55:15Z",
              "Name": "myzone-stag-vpc-db-ap-south-1a",
              "Type": "myzone-stag-db"
            },
            "tags_all": {
              "CreatedBy": "Dhanwan",
              "CreationDate": "2022-11-14T09:55:15Z",
              "Name": "myzone-stag-vpc-db-ap-south-1a",
              "Type": "myzone-stag-db"
            },
            "timeouts": null,
            "vpc_id": "vpc-039346d60ed5a6261"
          },
          "sensitive_attributes": [],
          "private": "eyJlMmJmYjczMC1lY2FhLTExZTYtOGY4OC0zNDM2M2JjN2M0YzAiOnsiY3JlYXRlIjo2MDAwMDAwMDAwMDAsImRlbGV0ZSI6MTIwMDAwMDAwMDAwMH0sInNjaGVtYV92ZXJzaW9uIjoiMSJ9",
          "dependencies": [
            "data.aws_availability_zones.azs",
            "module.vpc_dev.aws_vpc.this",
            "module.vpc_dev.aws_vpc_ipv4_cidr_block_association.this"
          ]
        },
        {
          "index_key": 1,
          "schema_version": 1,
          "attributes": {
            "arn": "arn:aws:ec2:ap-south-1:655180071464:subnet/subnet-019548955c6b6a154",
            "assign_ipv6_address_on_creation": false,
            "availability_zone": "ap-south-1b",
            "availability_zone_id": "aps1-az3",
            "cidr_block": "20.0.102.0/24",
            "customer_owned_ipv4_pool": "",
            "enable_dns64": false,
            "enable_resource_name_dns_a_record_on_launch": false,
            "enable_resource_name_dns_aaaa_record_on_launch": false,
            "id": "subnet-019548955c6b6a154",
            "ipv6_cidr_block": "",
            "ipv6_cidr_block_association_id": "",
            "ipv6_native": false,
            "map_customer_owned_ip_on_launch": false,
            "map_public_ip_on_launch": false,
            "outpost_arn": "",
            "owner_id": "655180071464",
            "private_dns_hostname_type_on_launch": "ip-name",
            "tags": {
              "CreatedBy": "Dhanwan",
              "CreationDate": "2022-11-14T09:55:15Z",
              "Name": "myzone-stag-vpc-db-ap-south-1b",
              "Type": "myzone-stag-db"
            },
            "tags_all": {
              "CreatedBy": "Dhanwan",
              "CreationDate": "2022-11-14T09:55:15Z",
              "Name": "myzone-stag-vpc-db-ap-south-1b",
              "Type": "myzone-stag-db"
            },
            "timeouts": null,
            "vpc_id": "vpc-039346d60ed5a6261"
          },
          "sensitive_attributes": [],
          "private": "eyJlMmJmYjczMC1lY2FhLTExZTYtOGY4OC0zNDM2M2JjN2M0YzAiOnsiY3JlYXRlIjo2MDAwMDAwMDAwMDAsImRlbGV0ZSI6MTIwMDAwMDAwMDAwMH0sInNjaGVtYV92ZXJzaW9uIjoiMSJ9",
          "dependencies": [
            "data.aws_availability_zones.azs",
            "module.vpc_dev.aws_vpc.this",
            "module.vpc_dev.aws_vpc_ipv4_cidr_block_association.this"
          ]
        },
        {
          "index_key": 2,
          "schema_version": 1,
          "attributes": {
            "arn": "arn:aws:ec2:ap-south-1:655180071464:subnet/subnet-0474be4cfa43c376f",
            "assign_ipv6_address_on_creation": false,
            "availability_zone": "ap-south-1c",
            "availability_zone_id": "aps1-az2",
            "cidr_block": "20.0.103.0/24",
            "customer_owned_ipv4_pool": "",
            "enable_dns64": false,
            "enable_resource_name_dns_a_record_on_launch": false,
            "enable_resource_name_dns_aaaa_record_on_launch": false,
            "id": "subnet-0474be4cfa43c376f",
            "ipv6_cidr_block": "",
            "ipv6_cidr_block_association_id": "",
            "ipv6_native": false,
            "map_customer_owned_ip_on_launch": false,
            "map_public_ip_on_launch": false,
            "outpost_arn": "",
            "owner_id": "655180071464",
            "private_dns_hostname_type_on_launch": "ip-name",
            "tags": {
              "CreatedBy": "Dhanwan",
              "CreationDate": "2022-11-14T09:55:15Z",
              "Name": "myzone-stag-vpc-db-ap-south-1c",
              "Type": "myzone-stag-db"
            },
            "tags_all": {
              "CreatedBy": "Dhanwan",
              "CreationDate": "2022-11-14T09:55:15Z",
              "Name": "myzone-stag-vpc-db-ap-south-1c",
              "Type": "myzone-stag-db"
            },
            "timeouts": null,
            "vpc_id": "vpc-039346d60ed5a6261"
          },
          "sensitive_attributes": [],
          "private": "eyJlMmJmYjczMC1lY2FhLTExZTYtOGY4OC0zNDM2M2JjN2M0YzAiOnsiY3JlYXRlIjo2MDAwMDAwMDAwMDAsImRlbGV0ZSI6MTIwMDAwMDAwMDAwMH0sInNjaGVtYV92ZXJzaW9uIjoiMSJ9",
          "dependencies": [
            "data.aws_availability_zones.azs",
            "module.vpc_dev.aws_vpc.this",
            "module.vpc_dev.aws_vpc_ipv4_cidr_block_association.this"
          ]
        }
      ]
    },
    {
      "module": "module.vpc_dev",
      "mode": "managed",
      "type": "aws_subnet",
      "name": "private",
      "provider": "provider[\"registry.terraform.io/hashicorp/aws\"]",
      "instances": [
        {
          "index_key": 0,
          "schema_version": 1,
          "attributes": {
            "arn": "arn:aws:ec2:ap-south-1:655180071464:subnet/subnet-0b91c979ac08b3caa",
            "assign_ipv6_address_on_creation": false,
            "availability_zone": "ap-south-1a",
            "availability_zone_id": "aps1-az1",
            "cidr_block": "20.0.11.0/24",
            "customer_owned_ipv4_pool": "",
            "enable_dns64": false,
            "enable_resource_name_dns_a_record_on_launch": false,
            "enable_resource_name_dns_aaaa_record_on_launch": false,
            "id": "subnet-0b91c979ac08b3caa",
            "ipv6_cidr_block": "",
            "ipv6_cidr_block_association_id": "",
            "ipv6_native": false,
            "map_customer_owned_ip_on_launch": false,
            "map_public_ip_on_launch": false,
            "outpost_arn": "",
            "owner_id": "655180071464",
            "private_dns_hostname_type_on_launch": "ip-name",
            "tags": {
              "CreatedBy": "Dhanwan",
              "CreationDate": "2022-11-14T09:55:15Z",
              "Name": "myzone-stag-vpc-private-ap-south-1a",
              "Type": "myzone-stag-private"
            },
            "tags_all": {
              "CreatedBy": "Dhanwan",
              "CreationDate": "2022-11-14T09:55:15Z",
              "Name": "myzone-stag-vpc-private-ap-south-1a",
              "Type": "myzone-stag-private"
            },
            "timeouts": null,
            "vpc_id": "vpc-039346d60ed5a6261"
          },
          "sensitive_attributes": [],
          "private": "eyJlMmJmYjczMC1lY2FhLTExZTYtOGY4OC0zNDM2M2JjN2M0YzAiOnsiY3JlYXRlIjo2MDAwMDAwMDAwMDAsImRlbGV0ZSI6MTIwMDAwMDAwMDAwMH0sInNjaGVtYV92ZXJzaW9uIjoiMSJ9",
          "dependencies": [
            "data.aws_availability_zones.azs",
            "module.vpc_dev.aws_vpc.this",
            "module.vpc_dev.aws_vpc_ipv4_cidr_block_association.this"
          ]
        },
        {
          "index_key": 1,
          "schema_version": 1,
          "attributes": {
            "arn": "arn:aws:ec2:ap-south-1:655180071464:subnet/subnet-014ec293e9c48fd0e",
            "assign_ipv6_address_on_creation": false,
            "availability_zone": "ap-south-1b",
            "availability_zone_id": "aps1-az3",
            "cidr_block": "20.0.12.0/24",
            "customer_owned_ipv4_pool": "",
            "enable_dns64": false,
            "enable_resource_name_dns_a_record_on_launch": false,
            "enable_resource_name_dns_aaaa_record_on_launch": false,
            "id": "subnet-014ec293e9c48fd0e",
            "ipv6_cidr_block": "",
            "ipv6_cidr_block_association_id": "",
            "ipv6_native": false,
            "map_customer_owned_ip_on_launch": false,
            "map_public_ip_on_launch": false,
            "outpost_arn": "",
            "owner_id": "655180071464",
            "private_dns_hostname_type_on_launch": "ip-name",
            "tags": {
              "CreatedBy": "Dhanwan",
              "CreationDate": "2022-11-14T09:55:15Z",
              "Name": "myzone-stag-vpc-private-ap-south-1b",
              "Type": "myzone-stag-private"
            },
            "tags_all": {
              "CreatedBy": "Dhanwan",
              "CreationDate": "2022-11-14T09:55:15Z",
              "Name": "myzone-stag-vpc-private-ap-south-1b",
              "Type": "myzone-stag-private"
            },
            "timeouts": null,
            "vpc_id": "vpc-039346d60ed5a6261"
          },
          "sensitive_attributes": [],
          "private": "eyJlMmJmYjczMC1lY2FhLTExZTYtOGY4OC0zNDM2M2JjN2M0YzAiOnsiY3JlYXRlIjo2MDAwMDAwMDAwMDAsImRlbGV0ZSI6MTIwMDAwMDAwMDAwMH0sInNjaGVtYV92ZXJzaW9uIjoiMSJ9",
          "dependencies": [
            "data.aws_availability_zones.azs",
            "module.vpc_dev.aws_vpc.this",
            "module.vpc_dev.aws_vpc_ipv4_cidr_block_association.this"
          ]
        },
        {
          "index_key": 2,
          "schema_version": 1,
          "attributes": {
            "arn": "arn:aws:ec2:ap-south-1:655180071464:subnet/subnet-076e480ee269170a5",
            "assign_ipv6_address_on_creation": false,
            "availability_zone": "ap-south-1c",
            "availability_zone_id": "aps1-az2",
            "cidr_block": "20.0.13.0/24",
            "customer_owned_ipv4_pool": "",
            "enable_dns64": false,
            "enable_resource_name_dns_a_record_on_launch": false,
            "enable_resource_name_dns_aaaa_record_on_launch": false,
            "id": "subnet-076e480ee269170a5",
            "ipv6_cidr_block": "",
            "ipv6_cidr_block_association_id": "",
            "ipv6_native": false,
            "map_customer_owned_ip_on_launch": false,
            "map_public_ip_on_launch": false,
            "outpost_arn": "",
            "owner_id": "655180071464",
            "private_dns_hostname_type_on_launch": "ip-name",
            "tags": {
              "CreatedBy": "Dhanwan",
              "CreationDate": "2022-11-14T09:55:15Z",
              "Name": "myzone-stag-vpc-private-ap-south-1c",
              "Type": "myzone-stag-private"
            },
            "tags_all": {
              "CreatedBy": "Dhanwan",
              "CreationDate": "2022-11-14T09:55:15Z",
              "Name": "myzone-stag-vpc-private-ap-south-1c",
              "Type": "myzone-stag-private"
            },
            "timeouts": null,
            "vpc_id": "vpc-039346d60ed5a6261"
          },
          "sensitive_attributes": [],
          "private": "eyJlMmJmYjczMC1lY2FhLTExZTYtOGY4OC0zNDM2M2JjN2M0YzAiOnsiY3JlYXRlIjo2MDAwMDAwMDAwMDAsImRlbGV0ZSI6MTIwMDAwMDAwMDAwMH0sInNjaGVtYV92ZXJzaW9uIjoiMSJ9",
          "dependencies": [
            "data.aws_availability_zones.azs",
            "module.vpc_dev.aws_vpc.this",
            "module.vpc_dev.aws_vpc_ipv4_cidr_block_association.this"
          ]
        }
      ]
    },
    {
      "module": "module.vpc_dev",
      "mode": "managed",
      "type": "aws_subnet",
      "name": "public",
      "provider": "provider[\"registry.terraform.io/hashicorp/aws\"]",
      "instances": [
        {
          "index_key": 0,
          "schema_version": 1,
          "attributes": {
            "arn": "arn:aws:ec2:ap-south-1:655180071464:subnet/subnet-0bebf7b0b26f93eee",
            "assign_ipv6_address_on_creation": false,
            "availability_zone": "ap-south-1a",
            "availability_zone_id": "aps1-az1",
            "cidr_block": "20.0.1.0/24",
            "customer_owned_ipv4_pool": "",
            "enable_dns64": false,
            "enable_resource_name_dns_a_record_on_launch": false,
            "enable_resource_name_dns_aaaa_record_on_launch": false,
            "id": "subnet-0bebf7b0b26f93eee",
            "ipv6_cidr_block": "",
            "ipv6_cidr_block_association_id": "",
            "ipv6_native": false,
            "map_customer_owned_ip_on_launch": false,
            "map_public_ip_on_launch": true,
            "outpost_arn": "",
            "owner_id": "655180071464",
            "private_dns_hostname_type_on_launch": "ip-name",
            "tags": {
              "CreatedBy": "Dhanwan",
              "CreationDate": "2022-11-14T09:55:15Z",
              "Name": "myzone-stag-vpc-public-ap-south-1a",
              "Type": "myzone-stag-public"
            },
            "tags_all": {
              "CreatedBy": "Dhanwan",
              "CreationDate": "2022-11-14T09:55:15Z",
              "Name": "myzone-stag-vpc-public-ap-south-1a",
              "Type": "myzone-stag-public"
            },
            "timeouts": null,
            "vpc_id": "vpc-039346d60ed5a6261"
          },
          "sensitive_attributes": [],
          "private": "eyJlMmJmYjczMC1lY2FhLTExZTYtOGY4OC0zNDM2M2JjN2M0YzAiOnsiY3JlYXRlIjo2MDAwMDAwMDAwMDAsImRlbGV0ZSI6MTIwMDAwMDAwMDAwMH0sInNjaGVtYV92ZXJzaW9uIjoiMSJ9",
          "dependencies": [
            "data.aws_availability_zones.azs",
            "module.vpc_dev.aws_vpc.this",
            "module.vpc_dev.aws_vpc_ipv4_cidr_block_association.this"
          ]
        },
        {
          "index_key": 1,
          "schema_version": 1,
          "attributes": {
            "arn": "arn:aws:ec2:ap-south-1:655180071464:subnet/subnet-0bc429e07b965ebb5",
            "assign_ipv6_address_on_creation": false,
            "availability_zone": "ap-south-1b",
            "availability_zone_id": "aps1-az3",
            "cidr_block": "20.0.2.0/24",
            "customer_owned_ipv4_pool": "",
            "enable_dns64": false,
            "enable_resource_name_dns_a_record_on_launch": false,
            "enable_resource_name_dns_aaaa_record_on_launch": false,
            "id": "subnet-0bc429e07b965ebb5",
            "ipv6_cidr_block": "",
            "ipv6_cidr_block_association_id": "",
            "ipv6_native": false,
            "map_customer_owned_ip_on_launch": false,
            "map_public_ip_on_launch": true,
            "outpost_arn": "",
            "owner_id": "655180071464",
            "private_dns_hostname_type_on_launch": "ip-name",
            "tags": {
              "CreatedBy": "Dhanwan",
              "CreationDate": "2022-11-14T09:55:15Z",
              "Name": "myzone-stag-vpc-public-ap-south-1b",
              "Type": "myzone-stag-public"
            },
            "tags_all": {
              "CreatedBy": "Dhanwan",
              "CreationDate": "2022-11-14T09:55:15Z",
              "Name": "myzone-stag-vpc-public-ap-south-1b",
              "Type": "myzone-stag-public"
            },
            "timeouts": null,
            "vpc_id": "vpc-039346d60ed5a6261"
          },
          "sensitive_attributes": [],
          "private": "eyJlMmJmYjczMC1lY2FhLTExZTYtOGY4OC0zNDM2M2JjN2M0YzAiOnsiY3JlYXRlIjo2MDAwMDAwMDAwMDAsImRlbGV0ZSI6MTIwMDAwMDAwMDAwMH0sInNjaGVtYV92ZXJzaW9uIjoiMSJ9",
          "dependencies": [
            "data.aws_availability_zones.azs",
            "module.vpc_dev.aws_vpc.this",
            "module.vpc_dev.aws_vpc_ipv4_cidr_block_association.this"
          ]
        },
        {
          "index_key": 2,
          "schema_version": 1,
          "attributes": {
            "arn": "arn:aws:ec2:ap-south-1:655180071464:subnet/subnet-0aec1cbdeccbf88e5",
            "assign_ipv6_address_on_creation": false,
            "availability_zone": "ap-south-1c",
            "availability_zone_id": "aps1-az2",
            "cidr_block": "20.0.3.0/24",
            "customer_owned_ipv4_pool": "",
            "enable_dns64": false,
            "enable_resource_name_dns_a_record_on_launch": false,
            "enable_resource_name_dns_aaaa_record_on_launch": false,
            "id": "subnet-0aec1cbdeccbf88e5",
            "ipv6_cidr_block": "",
            "ipv6_cidr_block_association_id": "",
            "ipv6_native": false,
            "map_customer_owned_ip_on_launch": false,
            "map_public_ip_on_launch": true,
            "outpost_arn": "",
            "owner_id": "655180071464",
            "private_dns_hostname_type_on_launch": "ip-name",
            "tags": {
              "CreatedBy": "Dhanwan",
              "CreationDate": "2022-11-14T09:55:15Z",
              "Name": "myzone-stag-vpc-public-ap-south-1c",
              "Type": "myzone-stag-public"
            },
            "tags_all": {
              "CreatedBy": "Dhanwan",
              "CreationDate": "2022-11-14T09:55:15Z",
              "Name": "myzone-stag-vpc-public-ap-south-1c",
              "Type": "myzone-stag-public"
            },
            "timeouts": null,
            "vpc_id": "vpc-039346d60ed5a6261"
          },
          "sensitive_attributes": [],
          "private": "eyJlMmJmYjczMC1lY2FhLTExZTYtOGY4OC0zNDM2M2JjN2M0YzAiOnsiY3JlYXRlIjo2MDAwMDAwMDAwMDAsImRlbGV0ZSI6MTIwMDAwMDAwMDAwMH0sInNjaGVtYV92ZXJzaW9uIjoiMSJ9",
          "dependencies": [
            "data.aws_availability_zones.azs",
            "module.vpc_dev.aws_vpc.this",
            "module.vpc_dev.aws_vpc_ipv4_cidr_block_association.this"
          ]
        }
      ]
    },
    {
      "module": "module.vpc_dev",
      "mode": "managed",
      "type": "aws_vpc",
      "name": "this",
      "provider": "provider[\"registry.terraform.io/hashicorp/aws\"]",
      "instances": [
        {
          "index_key": 0,
          "schema_version": 1,
          "attributes": {
            "arn": "arn:aws:ec2:ap-south-1:655180071464:vpc/vpc-039346d60ed5a6261",
            "assign_generated_ipv6_cidr_block": false,
            "cidr_block": "20.0.0.0/16",
            "default_network_acl_id": "acl-0c6fb54fe3bc638ca",
            "default_route_table_id": "rtb-029de29039c725d25",
            "default_security_group_id": "sg-004dd54e88b703e27",
            "dhcp_options_id": "dopt-08f69bd270065dae8",
            "enable_classiclink": false,
            "enable_classiclink_dns_support": false,
            "enable_dns_hostnames": true,
            "enable_dns_support": true,
            "enable_network_address_usage_metrics": false,
            "id": "vpc-039346d60ed5a6261",
            "instance_tenancy": "default",
            "ipv4_ipam_pool_id": null,
            "ipv4_netmask_length": null,
            "ipv6_association_id": "",
            "ipv6_cidr_block": "",
            "ipv6_cidr_block_network_border_group": "",
            "ipv6_ipam_pool_id": "",
            "ipv6_netmask_length": 0,
            "main_route_table_id": "rtb-029de29039c725d25",
            "owner_id": "655180071464",
            "tags": {
              "CreatedBy": "Dhanwan",
              "CreationDate": "2022-11-14T09:55:15Z",
              "Name": "myzone-stag-vpc",
              "Type": "stag"
            },
            "tags_all": {
              "CreatedBy": "Dhanwan",
              "CreationDate": "2022-11-14T09:55:15Z",
              "Name": "myzone-stag-vpc",
              "Type": "stag"
            }
          },
          "sensitive_attributes": [],
          "private": "eyJzY2hlbWFfdmVyc2lvbiI6IjEifQ==",
          "create_before_destroy": true
        }
      ]
    }
  ],
  "check_results": []
}
